// !$*UTF8*$!
{
	archiveVersion = 1;
	classes = {
	};
	objectVersion = 46;
	objects = {

/* Begin PBXBuildFile section */
		9B0273D11EDCA72F0090F9A3 /* BillViewController.swift in Sources */ = {isa = PBXBuildFile; fileRef = 9B0273D01EDCA72F0090F9A3 /* BillViewController.swift */; };
		9B0273D31EDCA74F0090F9A3 /* BillPresenter.swift in Sources */ = {isa = PBXBuildFile; fileRef = 9B0273D21EDCA74F0090F9A3 /* BillPresenter.swift */; };
		9B32BBBF1F6EA87300C65014 /* Double+Extension.swift in Sources */ = {isa = PBXBuildFile; fileRef = 9B32BBBE1F6EA87300C65014 /* Double+Extension.swift */; };
		9B32BBC21F6EA91500C65014 /* Router.swift in Sources */ = {isa = PBXBuildFile; fileRef = 9B32BBC11F6EA91500C65014 /* Router.swift */; };
		9B32BBC41F6EAAD400C65014 /* String+Extension.swift in Sources */ = {isa = PBXBuildFile; fileRef = 9B32BBC31F6EAAD400C65014 /* String+Extension.swift */; };
		9B4F78C21EC1B45900AA51FF /* EntityBase.swift in Sources */ = {isa = PBXBuildFile; fileRef = 9B4F78BC1EC1B45900AA51FF /* EntityBase.swift */; };
		9B4F78C71EC1B46800AA51FF /* CoreDataManager.swift in Sources */ = {isa = PBXBuildFile; fileRef = 9B4F78C61EC1B46800AA51FF /* CoreDataManager.swift */; };
		9B5434E01F0BEB1300EA70D5 /* DataCacheStorage.swift in Sources */ = {isa = PBXBuildFile; fileRef = 9B5434DF1F0BEB1300EA70D5 /* DataCacheStorage.swift */; };
		9B5434E41F0BEB5600EA70D5 /* ManagedContext+Extension.swift in Sources */ = {isa = PBXBuildFile; fileRef = 9B5434E31F0BEB5600EA70D5 /* ManagedContext+Extension.swift */; };
		9B5434E61F0BF24700EA70D5 /* MemberTableViewCell.swift in Sources */ = {isa = PBXBuildFile; fileRef = 9B5434E51F0BF24700EA70D5 /* MemberTableViewCell.swift */; };
		9B5434E81F0BFFD400EA70D5 /* BillImageViewCell.swift in Sources */ = {isa = PBXBuildFile; fileRef = 9B5434E71F0BFFD400EA70D5 /* BillImageViewCell.swift */; };
		9B5434EA1F0BFFFC00EA70D5 /* BillTableViewCell.swift in Sources */ = {isa = PBXBuildFile; fileRef = 9B5434E91F0BFFFC00EA70D5 /* BillTableViewCell.swift */; };
		9B5434EC1F0C0A4C00EA70D5 /* EventTableViewCell.swift in Sources */ = {isa = PBXBuildFile; fileRef = 9B5434EB1F0C0A4C00EA70D5 /* EventTableViewCell.swift */; };
		9B5434EE1F0C1C8200EA70D5 /* RBResizer.swift in Sources */ = {isa = PBXBuildFile; fileRef = 9B5434ED1F0C1C8200EA70D5 /* RBResizer.swift */; };
		9B5435121F1222D200EA70D5 /* StyledView.swift in Sources */ = {isa = PBXBuildFile; fileRef = 9B5435111F1222D200EA70D5 /* StyledView.swift */; };
		9B5E01401EC8E20E00354D24 /* EventTablePresenter.swift in Sources */ = {isa = PBXBuildFile; fileRef = 9B5E013D1EC8E20E00354D24 /* EventTablePresenter.swift */; };
		9B5E01421EC8E20E00354D24 /* EventTableViewController.swift in Sources */ = {isa = PBXBuildFile; fileRef = 9B5E013F1EC8E20E00354D24 /* EventTableViewController.swift */; };
		9B695D7B1F00402E009E9414 /* AppComponent.swift in Sources */ = {isa = PBXBuildFile; fileRef = 9B695D7A1F00402E009E9414 /* AppComponent.swift */; };
		9B695D7E1F004072009E9414 /* AppDelegate.swift in Sources */ = {isa = PBXBuildFile; fileRef = 9B695D7D1F004072009E9414 /* AppDelegate.swift */; };
		9B695D801F0040AC009E9414 /* AppModule.swift in Sources */ = {isa = PBXBuildFile; fileRef = 9B695D7F1F0040AC009E9414 /* AppModule.swift */; };
		9B695D921F05789E009E9414 /* MemberSelectPresenter.swift in Sources */ = {isa = PBXBuildFile; fileRef = 9B695D911F05789E009E9414 /* MemberSelectPresenter.swift */; };
		9B695D961F057902009E9414 /* MemberSelectTableViewController.swift in Sources */ = {isa = PBXBuildFile; fileRef = 9B695D941F057902009E9414 /* MemberSelectTableViewController.swift */; };
		9B695D981F05790D009E9414 /* MemberInBillCell.swift in Sources */ = {isa = PBXBuildFile; fileRef = 9B695D971F05790D009E9414 /* MemberInBillCell.swift */; };
		9B695D9A1F058503009E9414 /* MemberCheckableViewCell.swift in Sources */ = {isa = PBXBuildFile; fileRef = 9B695D991F058503009E9414 /* MemberCheckableViewCell.swift */; };
		9B761B751ECF849700C6A266 /* UIImageExtenstion.swift in Sources */ = {isa = PBXBuildFile; fileRef = 9B761B741ECF849700C6A266 /* UIImageExtenstion.swift */; };
		9B761B791ED193D400C6A266 /* BillTableViewController.swift in Sources */ = {isa = PBXBuildFile; fileRef = 9B761B781ED193D400C6A266 /* BillTableViewController.swift */; };
		9B761B7D1ED21B7400C6A266 /* UIColor+Extension.swift in Sources */ = {isa = PBXBuildFile; fileRef = 9B761B7C1ED21B7400C6A266 /* UIColor+Extension.swift */; };
		9B761B821ED33A2A00C6A266 /* MemberTableViewController.swift in Sources */ = {isa = PBXBuildFile; fileRef = 9B761B811ED33A2A00C6A266 /* MemberTableViewController.swift */; };
		9B761B861ED33E3E00C6A266 /* MemberTablePresenter.swift in Sources */ = {isa = PBXBuildFile; fileRef = 9B761B851ED33E3E00C6A266 /* MemberTablePresenter.swift */; };
		9B761B881ED33E5A00C6A266 /* BillTableViewPrenester.swift in Sources */ = {isa = PBXBuildFile; fileRef = 9B761B871ED33E5A00C6A266 /* BillTableViewPrenester.swift */; };
		9B761B8C1ED4A6D300C6A266 /* MemberViewController.swift in Sources */ = {isa = PBXBuildFile; fileRef = 9B761B8B1ED4A6D300C6A266 /* MemberViewController.swift */; };
		9B761B8F1ED4A79700C6A266 /* MemberPresenter.swift in Sources */ = {isa = PBXBuildFile; fileRef = 9B761B8E1ED4A79700C6A266 /* MemberPresenter.swift */; };
		9B761B931ED4BAE500C6A266 /* EventInfoBarTitle.swift in Sources */ = {isa = PBXBuildFile; fileRef = 9B761B911ED4BAE500C6A266 /* EventInfoBarTitle.swift */; };
		9B90F1341F3A44BC0060D314 /* PartyOrganizer.xcdatamodeld in Sources */ = {isa = PBXBuildFile; fileRef = 9B90F1321F3A44BC0060D314 /* PartyOrganizer.xcdatamodeld */; };
		9B90F13B1F3B81F50060D314 /* Bill+CoreDataProperties.swift in Sources */ = {isa = PBXBuildFile; fileRef = 9B90F1351F3B81F50060D314 /* Bill+CoreDataProperties.swift */; };
		9B90F13C1F3B81F50060D314 /* BillImages+CoreDataProperties.swift in Sources */ = {isa = PBXBuildFile; fileRef = 9B90F1361F3B81F50060D314 /* BillImages+CoreDataProperties.swift */; };
		9B90F13E1F3B81F50060D314 /* Event+CoreDataProperties.swift in Sources */ = {isa = PBXBuildFile; fileRef = 9B90F1381F3B81F50060D314 /* Event+CoreDataProperties.swift */; };
		9B90F13F1F3B81F50060D314 /* Member+CoreDataProperties.swift in Sources */ = {isa = PBXBuildFile; fileRef = 9B90F1391F3B81F50060D314 /* Member+CoreDataProperties.swift */; };
		9B90F1401F3B81F50060D314 /* MemberInBill+CoreDataProperties.swift in Sources */ = {isa = PBXBuildFile; fileRef = 9B90F13A1F3B81F50060D314 /* MemberInBill+CoreDataProperties.swift */; };
		9B90F1851F3B8F160060D314 /* Localizable.strings in Resources */ = {isa = PBXBuildFile; fileRef = 9B90F17F1F3B8F160060D314 /* Localizable.strings */; };
		9B90F1861F3B8F160060D314 /* Main.storyboard in Resources */ = {isa = PBXBuildFile; fileRef = 9B90F1811F3B8F160060D314 /* Main.storyboard */; };
		9B90F1871F3B8F160060D314 /* LaunchScreen.storyboard in Resources */ = {isa = PBXBuildFile; fileRef = 9B90F1831F3B8F160060D314 /* LaunchScreen.storyboard */; };
		9B90F1921F40B1EE0060D314 /* AddNewItemButton.swift in Sources */ = {isa = PBXBuildFile; fileRef = 9B90F1911F40B1EE0060D314 /* AddNewItemButton.swift */; };
		9BB381F21EDB4000000FBB03 /* PagerViewController.swift in Sources */ = {isa = PBXBuildFile; fileRef = 9BB381F11EDB4000000FBB03 /* PagerViewController.swift */; };
		9BEDFDD81F3A289300C647C5 /* Assets.xcassets in Resources */ = {isa = PBXBuildFile; fileRef = 9BEDFDD31F3A289300C647C5 /* Assets.xcassets */; };
		9BFED93E1EC8E64B0083D7DC /* EventPresenter.swift in Sources */ = {isa = PBXBuildFile; fileRef = 9BFED93C1EC8E64B0083D7DC /* EventPresenter.swift */; };
		9BFED93F1EC8E64B0083D7DC /* EventViewController.swift in Sources */ = {isa = PBXBuildFile; fileRef = 9BFED93D1EC8E64B0083D7DC /* EventViewController.swift */; };
		9BFED9431ECB75F00083D7DC /* DataConverter.swift in Sources */ = {isa = PBXBuildFile; fileRef = 9BFED9421ECB75F00083D7DC /* DataConverter.swift */; };
		AE892917B093142AD00A8567 /* Pods_PartyOrganizer.framework in Frameworks */ = {isa = PBXBuildFile; fileRef = 665DE52EF14AF4DDD3715748 /* Pods_PartyOrganizer.framework */; };
/* End PBXBuildFile section */

/* Begin PBXFileReference section */
		665DE52EF14AF4DDD3715748 /* Pods_PartyOrganizer.framework */ = {isa = PBXFileReference; explicitFileType = wrapper.framework; includeInIndex = 0; path = Pods_PartyOrganizer.framework; sourceTree = BUILT_PRODUCTS_DIR; };
		7F57AF1036365D19B9604C06 /* Pods-PartyOrganizer.release.xcconfig */ = {isa = PBXFileReference; includeInIndex = 1; lastKnownFileType = text.xcconfig; name = "Pods-PartyOrganizer.release.xcconfig"; path = "Pods/Target Support Files/Pods-PartyOrganizer/Pods-PartyOrganizer.release.xcconfig"; sourceTree = "<group>"; };
		9B0273D01EDCA72F0090F9A3 /* BillViewController.swift */ = {isa = PBXFileReference; fileEncoding = 4; lastKnownFileType = sourcecode.swift; name = BillViewController.swift; path = PartyOrganizer/Bill/BillViewController.swift; sourceTree = "<group>"; };
		9B0273D21EDCA74F0090F9A3 /* BillPresenter.swift */ = {isa = PBXFileReference; fileEncoding = 4; lastKnownFileType = sourcecode.swift; name = BillPresenter.swift; path = PartyOrganizer/Bill/BillPresenter.swift; sourceTree = "<group>"; };
		9B1DC6481EBA5F34002E489D /* PartyOrganizer.app */ = {isa = PBXFileReference; explicitFileType = wrapper.application; includeInIndex = 0; path = PartyOrganizer.app; sourceTree = BUILT_PRODUCTS_DIR; };
		9B32BBBE1F6EA87300C65014 /* Double+Extension.swift */ = {isa = PBXFileReference; fileEncoding = 4; lastKnownFileType = sourcecode.swift; name = "Double+Extension.swift"; path = "PartyOrganizer/Extenstions/Double+Extension.swift"; sourceTree = "<group>"; };
		9B32BBC11F6EA91500C65014 /* Router.swift */ = {isa = PBXFileReference; fileEncoding = 4; lastKnownFileType = sourcecode.swift; name = Router.swift; path = PartyOrganizer/Router/Router.swift; sourceTree = "<group>"; };
		9B32BBC31F6EAAD400C65014 /* String+Extension.swift */ = {isa = PBXFileReference; fileEncoding = 4; lastKnownFileType = sourcecode.swift; name = "String+Extension.swift"; path = "PartyOrganizer/Extenstions/String+Extension.swift"; sourceTree = "<group>"; };
		9B4F78BC1EC1B45900AA51FF /* EntityBase.swift */ = {isa = PBXFileReference; fileEncoding = 4; lastKnownFileType = sourcecode.swift; name = EntityBase.swift; path = PartyOrganizer/DataModel/CoreDataClasses/EntityBase.swift; sourceTree = SOURCE_ROOT; };
		9B4F78C61EC1B46800AA51FF /* CoreDataManager.swift */ = {isa = PBXFileReference; fileEncoding = 4; lastKnownFileType = sourcecode.swift; name = CoreDataManager.swift; path = PartyOrganizer/DataModel/CoreDataManager.swift; sourceTree = SOURCE_ROOT; };
		9B4F78C91EC1B4AB00AA51FF /* Info.plist */ = {isa = PBXFileReference; fileEncoding = 4; lastKnownFileType = text.plist.xml; name = Info.plist; path = PartyOrganizer/Info.plist; sourceTree = SOURCE_ROOT; };
		9B5434DF1F0BEB1300EA70D5 /* DataCacheStorage.swift */ = {isa = PBXFileReference; fileEncoding = 4; lastKnownFileType = sourcecode.swift; name = DataCacheStorage.swift; path = PartyOrganizer/DataModel/DataCacheStorage.swift; sourceTree = "<group>"; };
		9B5434E31F0BEB5600EA70D5 /* ManagedContext+Extension.swift */ = {isa = PBXFileReference; fileEncoding = 4; lastKnownFileType = sourcecode.swift; name = "ManagedContext+Extension.swift"; path = "PartyOrganizer/Extenstions/ManagedContext+Extension.swift"; sourceTree = "<group>"; };
		9B5434E51F0BF24700EA70D5 /* MemberTableViewCell.swift */ = {isa = PBXFileReference; fileEncoding = 4; lastKnownFileType = sourcecode.swift; name = MemberTableViewCell.swift; path = PartyOrganizer/MemberList/MemberTableViewCell.swift; sourceTree = "<group>"; };
		9B5434E71F0BFFD400EA70D5 /* BillImageViewCell.swift */ = {isa = PBXFileReference; fileEncoding = 4; lastKnownFileType = sourcecode.swift; name = BillImageViewCell.swift; path = PartyOrganizer/Bill/BillImageViewCell.swift; sourceTree = "<group>"; };
		9B5434E91F0BFFFC00EA70D5 /* BillTableViewCell.swift */ = {isa = PBXFileReference; fileEncoding = 4; lastKnownFileType = sourcecode.swift; name = BillTableViewCell.swift; path = PartyOrganizer/BillList/BillTableViewCell.swift; sourceTree = "<group>"; };
		9B5434EB1F0C0A4C00EA70D5 /* EventTableViewCell.swift */ = {isa = PBXFileReference; fileEncoding = 4; lastKnownFileType = sourcecode.swift; name = EventTableViewCell.swift; path = PartyOrganizer/EventList/EventTableViewCell.swift; sourceTree = "<group>"; };
		9B5434ED1F0C1C8200EA70D5 /* RBResizer.swift */ = {isa = PBXFileReference; fileEncoding = 4; lastKnownFileType = sourcecode.swift; name = RBResizer.swift; path = PartyOrganizer/Extenstions/RBResizer.swift; sourceTree = "<group>"; };
		9B5435111F1222D200EA70D5 /* StyledView.swift */ = {isa = PBXFileReference; fileEncoding = 4; lastKnownFileType = sourcecode.swift; name = StyledView.swift; path = PartyOrganizer/Extenstions/StyledView.swift; sourceTree = "<group>"; };
		9B5E013D1EC8E20E00354D24 /* EventTablePresenter.swift */ = {isa = PBXFileReference; fileEncoding = 4; lastKnownFileType = sourcecode.swift; name = EventTablePresenter.swift; path = PartyOrganizer/EventList/EventTablePresenter.swift; sourceTree = "<group>"; };
		9B5E013F1EC8E20E00354D24 /* EventTableViewController.swift */ = {isa = PBXFileReference; fileEncoding = 4; lastKnownFileType = sourcecode.swift; name = EventTableViewController.swift; path = PartyOrganizer/EventList/EventTableViewController.swift; sourceTree = "<group>"; };
		9B695D7A1F00402E009E9414 /* AppComponent.swift */ = {isa = PBXFileReference; fileEncoding = 4; lastKnownFileType = sourcecode.swift; name = AppComponent.swift; path = PartyOrganizer/App/AppComponent.swift; sourceTree = "<group>"; };
		9B695D7D1F004072009E9414 /* AppDelegate.swift */ = {isa = PBXFileReference; fileEncoding = 4; lastKnownFileType = sourcecode.swift; name = AppDelegate.swift; path = PartyOrganizer/App/AppDelegate.swift; sourceTree = "<group>"; };
		9B695D7F1F0040AC009E9414 /* AppModule.swift */ = {isa = PBXFileReference; fileEncoding = 4; lastKnownFileType = sourcecode.swift; name = AppModule.swift; path = PartyOrganizer/App/AppModule.swift; sourceTree = "<group>"; };
		9B695D911F05789E009E9414 /* MemberSelectPresenter.swift */ = {isa = PBXFileReference; fileEncoding = 4; lastKnownFileType = sourcecode.swift; name = MemberSelectPresenter.swift; path = PartyOrganizer/Bill/MemberSelect/MemberSelectPresenter.swift; sourceTree = "<group>"; };
		9B695D941F057902009E9414 /* MemberSelectTableViewController.swift */ = {isa = PBXFileReference; fileEncoding = 4; lastKnownFileType = sourcecode.swift; name = MemberSelectTableViewController.swift; path = PartyOrganizer/Bill/MemberSelect/MemberSelectTableViewController.swift; sourceTree = "<group>"; };
		9B695D971F05790D009E9414 /* MemberInBillCell.swift */ = {isa = PBXFileReference; fileEncoding = 4; lastKnownFileType = sourcecode.swift; name = MemberInBillCell.swift; path = PartyOrganizer/Bill/MemberInBillCell.swift; sourceTree = "<group>"; };
		9B695D991F058503009E9414 /* MemberCheckableViewCell.swift */ = {isa = PBXFileReference; fileEncoding = 4; lastKnownFileType = sourcecode.swift; name = MemberCheckableViewCell.swift; path = PartyOrganizer/Bill/MemberSelect/MemberCheckableViewCell.swift; sourceTree = "<group>"; };
		9B761B741ECF849700C6A266 /* UIImageExtenstion.swift */ = {isa = PBXFileReference; fileEncoding = 4; lastKnownFileType = sourcecode.swift; name = UIImageExtenstion.swift; path = PartyOrganizer/Extenstions/UIImageExtenstion.swift; sourceTree = "<group>"; };
		9B761B781ED193D400C6A266 /* BillTableViewController.swift */ = {isa = PBXFileReference; fileEncoding = 4; lastKnownFileType = sourcecode.swift; name = BillTableViewController.swift; path = PartyOrganizer/BillList/BillTableViewController.swift; sourceTree = "<group>"; };
		9B761B7C1ED21B7400C6A266 /* UIColor+Extension.swift */ = {isa = PBXFileReference; fileEncoding = 4; lastKnownFileType = sourcecode.swift; name = "UIColor+Extension.swift"; path = "PartyOrganizer/Extenstions/UIColor+Extension.swift"; sourceTree = "<group>"; };
		9B761B811ED33A2A00C6A266 /* MemberTableViewController.swift */ = {isa = PBXFileReference; fileEncoding = 4; lastKnownFileType = sourcecode.swift; name = MemberTableViewController.swift; path = PartyOrganizer/MemberList/MemberTableViewController.swift; sourceTree = "<group>"; };
		9B761B851ED33E3E00C6A266 /* MemberTablePresenter.swift */ = {isa = PBXFileReference; fileEncoding = 4; lastKnownFileType = sourcecode.swift; name = MemberTablePresenter.swift; path = PartyOrganizer/MemberList/MemberTablePresenter.swift; sourceTree = "<group>"; };
		9B761B871ED33E5A00C6A266 /* BillTableViewPrenester.swift */ = {isa = PBXFileReference; fileEncoding = 4; lastKnownFileType = sourcecode.swift; name = BillTableViewPrenester.swift; path = PartyOrganizer/BillList/BillTableViewPrenester.swift; sourceTree = "<group>"; };
		9B761B8B1ED4A6D300C6A266 /* MemberViewController.swift */ = {isa = PBXFileReference; fileEncoding = 4; lastKnownFileType = sourcecode.swift; name = MemberViewController.swift; path = PartyOrganizer/Member/MemberViewController.swift; sourceTree = "<group>"; };
		9B761B8E1ED4A79700C6A266 /* MemberPresenter.swift */ = {isa = PBXFileReference; fileEncoding = 4; lastKnownFileType = sourcecode.swift; name = MemberPresenter.swift; path = PartyOrganizer/Member/MemberPresenter.swift; sourceTree = "<group>"; };
		9B761B911ED4BAE500C6A266 /* EventInfoBarTitle.swift */ = {isa = PBXFileReference; fileEncoding = 4; lastKnownFileType = sourcecode.swift; name = EventInfoBarTitle.swift; path = PartyOrganizer/View/EventTabBar/EventInfoBarTitle.swift; sourceTree = "<group>"; };
		9B90F1331F3A44BC0060D314 /* PartyOrg_v_6.xcdatamodel */ = {isa = PBXFileReference; lastKnownFileType = wrapper.xcdatamodel; path = PartyOrg_v_6.xcdatamodel; sourceTree = "<group>"; };
		9B90F1351F3B81F50060D314 /* Bill+CoreDataProperties.swift */ = {isa = PBXFileReference; fileEncoding = 4; lastKnownFileType = sourcecode.swift; name = "Bill+CoreDataProperties.swift"; path = "PartyOrganizer/DataModel/CoreDataClasses/Bill+CoreDataProperties.swift"; sourceTree = SOURCE_ROOT; };
		9B90F1361F3B81F50060D314 /* BillImages+CoreDataProperties.swift */ = {isa = PBXFileReference; fileEncoding = 4; lastKnownFileType = sourcecode.swift; name = "BillImages+CoreDataProperties.swift"; path = "PartyOrganizer/DataModel/CoreDataClasses/BillImages+CoreDataProperties.swift"; sourceTree = SOURCE_ROOT; };
		9B90F1381F3B81F50060D314 /* Event+CoreDataProperties.swift */ = {isa = PBXFileReference; fileEncoding = 4; lastKnownFileType = sourcecode.swift; name = "Event+CoreDataProperties.swift"; path = "PartyOrganizer/DataModel/CoreDataClasses/Event+CoreDataProperties.swift"; sourceTree = SOURCE_ROOT; };
		9B90F1391F3B81F50060D314 /* Member+CoreDataProperties.swift */ = {isa = PBXFileReference; fileEncoding = 4; lastKnownFileType = sourcecode.swift; name = "Member+CoreDataProperties.swift"; path = "PartyOrganizer/DataModel/CoreDataClasses/Member+CoreDataProperties.swift"; sourceTree = SOURCE_ROOT; };
		9B90F13A1F3B81F50060D314 /* MemberInBill+CoreDataProperties.swift */ = {isa = PBXFileReference; fileEncoding = 4; lastKnownFileType = sourcecode.swift; name = "MemberInBill+CoreDataProperties.swift"; path = "PartyOrganizer/DataModel/CoreDataClasses/MemberInBill+CoreDataProperties.swift"; sourceTree = SOURCE_ROOT; };
		9B90F1801F3B8F160060D314 /* Base */ = {isa = PBXFileReference; lastKnownFileType = text.plist.strings; name = Base; path = PartyOrganizer/Base.lproj/Localizable.strings; sourceTree = "<group>"; };
		9B90F1821F3B8F160060D314 /* Base */ = {isa = PBXFileReference; lastKnownFileType = file.storyboard; name = Base; path = PartyOrganizer/Base.lproj/Main.storyboard; sourceTree = "<group>"; };
		9B90F1841F3B8F160060D314 /* Base */ = {isa = PBXFileReference; lastKnownFileType = file.storyboard; name = Base; path = PartyOrganizer/Base.lproj/LaunchScreen.storyboard; sourceTree = "<group>"; };
		9B90F1881F3B8F580060D314 /* ru */ = {isa = PBXFileReference; lastKnownFileType = text.plist.strings; name = ru; path = PartyOrganizer/ru.lproj/Main.strings; sourceTree = "<group>"; };
		9B90F1891F3B8F590060D314 /* ru */ = {isa = PBXFileReference; lastKnownFileType = text.plist.strings; name = ru; path = PartyOrganizer/ru.lproj/LaunchScreen.strings; sourceTree = "<group>"; };
		9B90F18A1F3B8F590060D314 /* ru */ = {isa = PBXFileReference; lastKnownFileType = text.plist.strings; name = ru; path = PartyOrganizer/ru.lproj/Localizable.strings; sourceTree = "<group>"; };
		9B90F1911F40B1EE0060D314 /* AddNewItemButton.swift */ = {isa = PBXFileReference; fileEncoding = 4; lastKnownFileType = sourcecode.swift; name = AddNewItemButton.swift; path = PartyOrganizer/View/AddNewItemButton.swift; sourceTree = "<group>"; };
		9BB381F11EDB4000000FBB03 /* PagerViewController.swift */ = {isa = PBXFileReference; fileEncoding = 4; lastKnownFileType = sourcecode.swift; name = PagerViewController.swift; path = PartyOrganizer/View/EventTabBar/PagerViewController.swift; sourceTree = "<group>"; };
		9BEDFDD31F3A289300C647C5 /* Assets.xcassets */ = {isa = PBXFileReference; lastKnownFileType = folder.assetcatalog; name = Assets.xcassets; path = PartyOrganizer/Resources/Assets.xcassets; sourceTree = "<group>"; };
		9BFED93C1EC8E64B0083D7DC /* EventPresenter.swift */ = {isa = PBXFileReference; fileEncoding = 4; lastKnownFileType = sourcecode.swift; name = EventPresenter.swift; path = PartyOrganizer/Event/EventPresenter.swift; sourceTree = "<group>"; };
		9BFED93D1EC8E64B0083D7DC /* EventViewController.swift */ = {isa = PBXFileReference; fileEncoding = 4; lastKnownFileType = sourcecode.swift; name = EventViewController.swift; path = PartyOrganizer/Event/EventViewController.swift; sourceTree = "<group>"; };
		9BFED9421ECB75F00083D7DC /* DataConverter.swift */ = {isa = PBXFileReference; fileEncoding = 4; lastKnownFileType = sourcecode.swift; name = DataConverter.swift; path = PartyOrganizer/DataModel/DataConverter.swift; sourceTree = "<group>"; };
		BE6364CBECE5E8365A7D5518 /* Pods-PartyOrganizer.debug.xcconfig */ = {isa = PBXFileReference; includeInIndex = 1; lastKnownFileType = text.xcconfig; name = "Pods-PartyOrganizer.debug.xcconfig"; path = "Pods/Target Support Files/Pods-PartyOrganizer/Pods-PartyOrganizer.debug.xcconfig"; sourceTree = "<group>"; };
/* End PBXFileReference section */

/* Begin PBXFrameworksBuildPhase section */
		9B1DC6451EBA5F34002E489D /* Frameworks */ = {
			isa = PBXFrameworksBuildPhase;
			buildActionMask = 2147483647;
			files = (
				AE892917B093142AD00A8567 /* Pods_PartyOrganizer.framework in Frameworks */,
			);
			runOnlyForDeploymentPostprocessing = 0;
		};
/* End PBXFrameworksBuildPhase section */

/* Begin PBXGroup section */
		1EE7054CE1ABDD0DF4AD3398 /* Pods */ = {
			isa = PBXGroup;
			children = (
				BE6364CBECE5E8365A7D5518 /* Pods-PartyOrganizer.debug.xcconfig */,
				7F57AF1036365D19B9604C06 /* Pods-PartyOrganizer.release.xcconfig */,
			);
			name = Pods;
			sourceTree = "<group>";
		};
		499F7F31A74048584F8A2A64 /* Frameworks */ = {
			isa = PBXGroup;
			children = (
				665DE52EF14AF4DDD3715748 /* Pods_PartyOrganizer.framework */,
			);
			name = Frameworks;
			sourceTree = "<group>";
		};
		9B0273CF1EDCA70B0090F9A3 /* Bill */ = {
			isa = PBXGroup;
			children = (
				9B695D901F0577F1009E9414 /* MemberSelect */,
				9B0273D21EDCA74F0090F9A3 /* BillPresenter.swift */,
				9B695D971F05790D009E9414 /* MemberInBillCell.swift */,
				9B0273D01EDCA72F0090F9A3 /* BillViewController.swift */,
				9B5434E71F0BFFD400EA70D5 /* BillImageViewCell.swift */,
			);
			name = Bill;
			sourceTree = "<group>";
		};
		9B1DC63F1EBA5F34002E489D = {
			isa = PBXGroup;
			children = (
				9B4F78D81EC1B63A00AA51FF /* PartyOrganizer */,
				9B1DC6491EBA5F34002E489D /* Products */,
				1EE7054CE1ABDD0DF4AD3398 /* Pods */,
				499F7F31A74048584F8A2A64 /* Frameworks */,
			);
			sourceTree = "<group>";
		};
		9B1DC6491EBA5F34002E489D /* Products */ = {
			isa = PBXGroup;
			children = (
				9B1DC6481EBA5F34002E489D /* PartyOrganizer.app */,
			);
			name = Products;
			sourceTree = "<group>";
		};
		9B1DC6771EBF823F002E489D /* DataModel */ = {
			isa = PBXGroup;
			children = (
				9B90F1321F3A44BC0060D314 /* PartyOrganizer.xcdatamodeld */,
				9B1DC68E1EBF870C002E489D /* CoreDataClasses */,
			);
			name = DataModel;
			path = CoreDataSample;
			sourceTree = "<group>";
		};
		9B1DC68E1EBF870C002E489D /* CoreDataClasses */ = {
			isa = PBXGroup;
			children = (
				9B90F1351F3B81F50060D314 /* Bill+CoreDataProperties.swift */,
				9B90F1361F3B81F50060D314 /* BillImages+CoreDataProperties.swift */,
				9B90F1381F3B81F50060D314 /* Event+CoreDataProperties.swift */,
				9B90F1391F3B81F50060D314 /* Member+CoreDataProperties.swift */,
				9B90F13A1F3B81F50060D314 /* MemberInBill+CoreDataProperties.swift */,
				9B4F78BC1EC1B45900AA51FF /* EntityBase.swift */,
			);
			name = CoreDataClasses;
			sourceTree = "<group>";
		};
		9B32BBC01F6EA8CD00C65014 /* Router */ = {
			isa = PBXGroup;
			children = (
				9B32BBC11F6EA91500C65014 /* Router.swift */,
			);
			name = Router;
			sourceTree = "<group>";
		};
		9B4F78D81EC1B63A00AA51FF /* PartyOrganizer */ = {
			isa = PBXGroup;
			children = (
				9B32BBC01F6EA8CD00C65014 /* Router */,
				9BEDFDD21F3A287900C647C5 /* Resources */,
				9B695D7C1F004033009E9414 /* App */,
				9B761B8D1ED4A6DF00C6A266 /* Member */,
				9B761B801ED339EC00C6A266 /* MemberList */,
				9B0273CF1EDCA70B0090F9A3 /* Bill */,
				9B761B771ED1937E00C6A266 /* BillList */,
				9B761B731ECF847400C6A266 /* Extentions */,
				9B5E013C1EC8D58600354D24 /* Event */,
				9B4F78E11EC1B92E00AA51FF /* EventList */,
				9B4F78E01EC1B90B00AA51FF /* View */,
				9B4F78C91EC1B4AB00AA51FF /* Info.plist */,
				9B1DC6771EBF823F002E489D /* DataModel */,
				9B4F78C61EC1B46800AA51FF /* CoreDataManager.swift */,
				9BFED9421ECB75F00083D7DC /* DataConverter.swift */,
				9B5434DF1F0BEB1300EA70D5 /* DataCacheStorage.swift */,
			);
			name = PartyOrganizer;
			sourceTree = "<group>";
		};
		9B4F78E01EC1B90B00AA51FF /* View */ = {
			isa = PBXGroup;
			children = (
				9B761B901ED4BA8E00C6A266 /* EventTabBar */,
				9B90F1911F40B1EE0060D314 /* AddNewItemButton.swift */,
			);
			name = View;
			sourceTree = "<group>";
		};
		9B4F78E11EC1B92E00AA51FF /* EventList */ = {
			isa = PBXGroup;
			children = (
				9B5E013D1EC8E20E00354D24 /* EventTablePresenter.swift */,
				9B5E013F1EC8E20E00354D24 /* EventTableViewController.swift */,
				9B5434EB1F0C0A4C00EA70D5 /* EventTableViewCell.swift */,
			);
			name = EventList;
			sourceTree = "<group>";
		};
		9B5E013C1EC8D58600354D24 /* Event */ = {
			isa = PBXGroup;
			children = (
				9BFED93C1EC8E64B0083D7DC /* EventPresenter.swift */,
				9BFED93D1EC8E64B0083D7DC /* EventViewController.swift */,
			);
			name = Event;
			sourceTree = "<group>";
		};
		9B695D7C1F004033009E9414 /* App */ = {
			isa = PBXGroup;
			children = (
				9B695D7A1F00402E009E9414 /* AppComponent.swift */,
				9B695D7F1F0040AC009E9414 /* AppModule.swift */,
				9B695D7D1F004072009E9414 /* AppDelegate.swift */,
			);
			name = App;
			sourceTree = "<group>";
		};
		9B695D901F0577F1009E9414 /* MemberSelect */ = {
			isa = PBXGroup;
			children = (
				9B695D941F057902009E9414 /* MemberSelectTableViewController.swift */,
				9B695D991F058503009E9414 /* MemberCheckableViewCell.swift */,
				9B695D911F05789E009E9414 /* MemberSelectPresenter.swift */,
			);
			name = MemberSelect;
			sourceTree = "<group>";
		};
		9B761B731ECF847400C6A266 /* Extentions */ = {
			isa = PBXGroup;
			children = (
				9B761B741ECF849700C6A266 /* UIImageExtenstion.swift */,
				9B32BBC31F6EAAD400C65014 /* String+Extension.swift */,
				9B5434ED1F0C1C8200EA70D5 /* RBResizer.swift */,
				9B5435111F1222D200EA70D5 /* StyledView.swift */,
				9B761B7C1ED21B7400C6A266 /* UIColor+Extension.swift */,
				9B5434E31F0BEB5600EA70D5 /* ManagedContext+Extension.swift */,
				9B32BBBE1F6EA87300C65014 /* Double+Extension.swift */,
			);
			name = Extentions;
			sourceTree = "<group>";
		};
		9B761B771ED1937E00C6A266 /* BillList */ = {
			isa = PBXGroup;
			children = (
				9B761B781ED193D400C6A266 /* BillTableViewController.swift */,
				9B5434E91F0BFFFC00EA70D5 /* BillTableViewCell.swift */,
				9B761B871ED33E5A00C6A266 /* BillTableViewPrenester.swift */,
			);
			name = BillList;
			sourceTree = "<group>";
		};
		9B761B801ED339EC00C6A266 /* MemberList */ = {
			isa = PBXGroup;
			children = (
				9B761B811ED33A2A00C6A266 /* MemberTableViewController.swift */,
				9B761B851ED33E3E00C6A266 /* MemberTablePresenter.swift */,
				9B5434E51F0BF24700EA70D5 /* MemberTableViewCell.swift */,
			);
			name = MemberList;
			sourceTree = "<group>";
		};
		9B761B8D1ED4A6DF00C6A266 /* Member */ = {
			isa = PBXGroup;
			children = (
				9B761B8B1ED4A6D300C6A266 /* MemberViewController.swift */,
				9B761B8E1ED4A79700C6A266 /* MemberPresenter.swift */,
			);
			name = Member;
			sourceTree = "<group>";
		};
		9B761B901ED4BA8E00C6A266 /* EventTabBar */ = {
			isa = PBXGroup;
			children = (
				9B761B911ED4BAE500C6A266 /* EventInfoBarTitle.swift */,
				9BB381F11EDB4000000FBB03 /* PagerViewController.swift */,
			);
			name = EventTabBar;
			sourceTree = "<group>";
		};
		9BEDFDD21F3A287900C647C5 /* Resources */ = {
			isa = PBXGroup;
			children = (
				9B90F17F1F3B8F160060D314 /* Localizable.strings */,
				9B90F1811F3B8F160060D314 /* Main.storyboard */,
				9B90F1831F3B8F160060D314 /* LaunchScreen.storyboard */,
				9BEDFDD31F3A289300C647C5 /* Assets.xcassets */,
			);
			name = Resources;
			sourceTree = "<group>";
		};
/* End PBXGroup section */

/* Begin PBXNativeTarget section */
		9B1DC6471EBA5F34002E489D /* PartyOrganizer */ = {
			isa = PBXNativeTarget;
			buildConfigurationList = 9B1DC65D1EBA5F34002E489D /* Build configuration list for PBXNativeTarget "PartyOrganizer" */;
			buildPhases = (
				FA7703AB76E6964F1D0B37F8 /* [CP] Check Pods Manifest.lock */,
				9B1DC6441EBA5F34002E489D /* Sources */,
				9B1DC6451EBA5F34002E489D /* Frameworks */,
				9B1DC6461EBA5F34002E489D /* Resources */,
				CF5B79513B4FF483196F3F41 /* [CP] Embed Pods Frameworks */,
				AC5EC61F83C40017875DFA70 /* [CP] Copy Pods Resources */,
			);
			buildRules = (
			);
			dependencies = (
			);
			name = PartyOrganizer;
			productName = CoreDataSample;
			productReference = 9B1DC6481EBA5F34002E489D /* PartyOrganizer.app */;
			productType = "com.apple.product-type.application";
		};
/* End PBXNativeTarget section */

/* Begin PBXProject section */
		9B1DC6401EBA5F34002E489D /* Project object */ = {
			isa = PBXProject;
			attributes = {
				LastSwiftUpdateCheck = 0830;
				LastUpgradeCheck = 0830;
				ORGANIZATIONNAME = "Максим Казаков";
				TargetAttributes = {
					9B1DC6471EBA5F34002E489D = {
						CreatedOnToolsVersion = 8.3.2;
						DevelopmentTeam = U8743T8Z48;
						ProvisioningStyle = Automatic;
					};
				};
			};
			buildConfigurationList = 9B1DC6431EBA5F34002E489D /* Build configuration list for PBXProject "PartyOrganizer" */;
			compatibilityVersion = "Xcode 3.2";
			developmentRegion = English;
			hasScannedForEncodings = 0;
			knownRegions = (
				Base,
				ru,
			);
			mainGroup = 9B1DC63F1EBA5F34002E489D;
			productRefGroup = 9B1DC6491EBA5F34002E489D /* Products */;
			projectDirPath = "";
			projectRoot = "";
			targets = (
				9B1DC6471EBA5F34002E489D /* PartyOrganizer */,
			);
		};
/* End PBXProject section */

/* Begin PBXResourcesBuildPhase section */
		9B1DC6461EBA5F34002E489D /* Resources */ = {
			isa = PBXResourcesBuildPhase;
			buildActionMask = 2147483647;
			files = (
				9B90F1861F3B8F160060D314 /* Main.storyboard in Resources */,
				9B90F1871F3B8F160060D314 /* LaunchScreen.storyboard in Resources */,
				9BEDFDD81F3A289300C647C5 /* Assets.xcassets in Resources */,
				9B90F1851F3B8F160060D314 /* Localizable.strings in Resources */,
			);
			runOnlyForDeploymentPostprocessing = 0;
		};
/* End PBXResourcesBuildPhase section */

/* Begin PBXShellScriptBuildPhase section */
		AC5EC61F83C40017875DFA70 /* [CP] Copy Pods Resources */ = {
			isa = PBXShellScriptBuildPhase;
			buildActionMask = 2147483647;
			files = (
			);
			inputPaths = (
			);
			name = "[CP] Copy Pods Resources";
			outputPaths = (
			);
			runOnlyForDeploymentPostprocessing = 0;
			shellPath = /bin/sh;
			shellScript = "\"${SRCROOT}/Pods/Target Support Files/Pods-PartyOrganizer/Pods-PartyOrganizer-resources.sh\"\n";
			showEnvVarsInLog = 0;
		};
		CF5B79513B4FF483196F3F41 /* [CP] Embed Pods Frameworks */ = {
			isa = PBXShellScriptBuildPhase;
			buildActionMask = 2147483647;
			files = (
			);
			inputPaths = (
			);
			name = "[CP] Embed Pods Frameworks";
			outputPaths = (
			);
			runOnlyForDeploymentPostprocessing = 0;
			shellPath = /bin/sh;
			shellScript = "\"${SRCROOT}/Pods/Target Support Files/Pods-PartyOrganizer/Pods-PartyOrganizer-frameworks.sh\"\n";
			showEnvVarsInLog = 0;
		};
		FA7703AB76E6964F1D0B37F8 /* [CP] Check Pods Manifest.lock */ = {
			isa = PBXShellScriptBuildPhase;
			buildActionMask = 2147483647;
			files = (
			);
			inputPaths = (
			);
			name = "[CP] Check Pods Manifest.lock";
			outputPaths = (
			);
			runOnlyForDeploymentPostprocessing = 0;
			shellPath = /bin/sh;
			shellScript = "diff \"${PODS_PODFILE_DIR_PATH}/Podfile.lock\" \"${PODS_ROOT}/Manifest.lock\" > /dev/null\nif [ $? != 0 ] ; then\n    # print error to STDERR\n    echo \"error: The sandbox is not in sync with the Podfile.lock. Run 'pod install' or update your CocoaPods installation.\" >&2\n    exit 1\nfi\n";
			showEnvVarsInLog = 0;
		};
/* End PBXShellScriptBuildPhase section */

/* Begin PBXSourcesBuildPhase section */
		9B1DC6441EBA5F34002E489D /* Sources */ = {
			isa = PBXSourcesBuildPhase;
			buildActionMask = 2147483647;
			files = (
				9B32BBC21F6EA91500C65014 /* Router.swift in Sources */,
				9B5E01401EC8E20E00354D24 /* EventTablePresenter.swift in Sources */,
				9B5434EE1F0C1C8200EA70D5 /* RBResizer.swift in Sources */,
				9B90F13B1F3B81F50060D314 /* Bill+CoreDataProperties.swift in Sources */,
				9B90F13E1F3B81F50060D314 /* Event+CoreDataProperties.swift in Sources */,
				9B5E01421EC8E20E00354D24 /* EventTableViewController.swift in Sources */,
				9B5434EA1F0BFFFC00EA70D5 /* BillTableViewCell.swift in Sources */,
				9B5434E41F0BEB5600EA70D5 /* ManagedContext+Extension.swift in Sources */,
				9B761B861ED33E3E00C6A266 /* MemberTablePresenter.swift in Sources */,
				9BFED93F1EC8E64B0083D7DC /* EventViewController.swift in Sources */,
				9B761B791ED193D400C6A266 /* BillTableViewController.swift in Sources */,
				9B695D801F0040AC009E9414 /* AppModule.swift in Sources */,
				9B32BBC41F6EAAD400C65014 /* String+Extension.swift in Sources */,
				9BB381F21EDB4000000FBB03 /* PagerViewController.swift in Sources */,
				9B90F13C1F3B81F50060D314 /* BillImages+CoreDataProperties.swift in Sources */,
				9BFED93E1EC8E64B0083D7DC /* EventPresenter.swift in Sources */,
				9B4F78C71EC1B46800AA51FF /* CoreDataManager.swift in Sources */,
				9B32BBBF1F6EA87300C65014 /* Double+Extension.swift in Sources */,
				9B761B8F1ED4A79700C6A266 /* MemberPresenter.swift in Sources */,
				9B90F1401F3B81F50060D314 /* MemberInBill+CoreDataProperties.swift in Sources */,
				9B695D981F05790D009E9414 /* MemberInBillCell.swift in Sources */,
				9B5434E81F0BFFD400EA70D5 /* BillImageViewCell.swift in Sources */,
				9B5434EC1F0C0A4C00EA70D5 /* EventTableViewCell.swift in Sources */,
				9B695D7E1F004072009E9414 /* AppDelegate.swift in Sources */,
				9B761B751ECF849700C6A266 /* UIImageExtenstion.swift in Sources */,
				9B0273D31EDCA74F0090F9A3 /* BillPresenter.swift in Sources */,
				9B695D7B1F00402E009E9414 /* AppComponent.swift in Sources */,
				9B90F1921F40B1EE0060D314 /* AddNewItemButton.swift in Sources */,
				9B761B7D1ED21B7400C6A266 /* UIColor+Extension.swift in Sources */,
				9B695D921F05789E009E9414 /* MemberSelectPresenter.swift in Sources */,
				9B761B881ED33E5A00C6A266 /* BillTableViewPrenester.swift in Sources */,
				9B90F13F1F3B81F50060D314 /* Member+CoreDataProperties.swift in Sources */,
				9B5435121F1222D200EA70D5 /* StyledView.swift in Sources */,
				9B695D961F057902009E9414 /* MemberSelectTableViewController.swift in Sources */,
				9B761B8C1ED4A6D300C6A266 /* MemberViewController.swift in Sources */,
				9B761B931ED4BAE500C6A266 /* EventInfoBarTitle.swift in Sources */,
				9B695D9A1F058503009E9414 /* MemberCheckableViewCell.swift in Sources */,
				9B90F1341F3A44BC0060D314 /* PartyOrganizer.xcdatamodeld in Sources */,
				9BFED9431ECB75F00083D7DC /* DataConverter.swift in Sources */,
				9B5434E01F0BEB1300EA70D5 /* DataCacheStorage.swift in Sources */,
				9B4F78C21EC1B45900AA51FF /* EntityBase.swift in Sources */,
				9B5434E61F0BF24700EA70D5 /* MemberTableViewCell.swift in Sources */,
				9B0273D11EDCA72F0090F9A3 /* BillViewController.swift in Sources */,
				9B761B821ED33A2A00C6A266 /* MemberTableViewController.swift in Sources */,
			);
			runOnlyForDeploymentPostprocessing = 0;
		};
/* End PBXSourcesBuildPhase section */

/* Begin PBXVariantGroup section */
		9B90F17F1F3B8F160060D314 /* Localizable.strings */ = {
			isa = PBXVariantGroup;
			children = (
				9B90F1801F3B8F160060D314 /* Base */,
				9B90F18A1F3B8F590060D314 /* ru */,
			);
			name = Localizable.strings;
			sourceTree = "<group>";
		};
		9B90F1811F3B8F160060D314 /* Main.storyboard */ = {
			isa = PBXVariantGroup;
			children = (
				9B90F1821F3B8F160060D314 /* Base */,
				9B90F1881F3B8F580060D314 /* ru */,
			);
			name = Main.storyboard;
			sourceTree = "<group>";
		};
		9B90F1831F3B8F160060D314 /* LaunchScreen.storyboard */ = {
			isa = PBXVariantGroup;
			children = (
				9B90F1841F3B8F160060D314 /* Base */,
				9B90F1891F3B8F590060D314 /* ru */,
			);
			name = LaunchScreen.storyboard;
			sourceTree = "<group>";
		};
/* End PBXVariantGroup section */

/* Begin XCBuildConfiguration section */
		9B1DC65B1EBA5F34002E489D /* Debug */ = {
			isa = XCBuildConfiguration;
			buildSettings = {
				ALWAYS_SEARCH_USER_PATHS = NO;
				CLANG_ANALYZER_NONNULL = YES;
				CLANG_ANALYZER_NUMBER_OBJECT_CONVERSION = YES_AGGRESSIVE;
				CLANG_CXX_LANGUAGE_STANDARD = "gnu++0x";
				CLANG_CXX_LIBRARY = "libc++";
				CLANG_ENABLE_MODULES = YES;
				CLANG_ENABLE_OBJC_ARC = YES;
				CLANG_WARN_BOOL_CONVERSION = YES;
				CLANG_WARN_CONSTANT_CONVERSION = YES;
				CLANG_WARN_DIRECT_OBJC_ISA_USAGE = YES_ERROR;
				CLANG_WARN_DOCUMENTATION_COMMENTS = YES;
				CLANG_WARN_EMPTY_BODY = YES;
				CLANG_WARN_ENUM_CONVERSION = YES;
				CLANG_WARN_INFINITE_RECURSION = YES;
				CLANG_WARN_INT_CONVERSION = YES;
				CLANG_WARN_OBJC_ROOT_CLASS = YES_ERROR;
				CLANG_WARN_SUSPICIOUS_MOVE = YES;
				CLANG_WARN_UNREACHABLE_CODE = YES;
				CLANG_WARN__DUPLICATE_METHOD_MATCH = YES;
				CODE_SIGN_IDENTITY = "iPhone Developer";
				"CODE_SIGN_IDENTITY[sdk=iphoneos*]" = "iPhone Developer";
				COPY_PHASE_STRIP = NO;
				DEBUG_INFORMATION_FORMAT = dwarf;
				ENABLE_STRICT_OBJC_MSGSEND = YES;
				ENABLE_TESTABILITY = YES;
				GCC_C_LANGUAGE_STANDARD = gnu99;
				GCC_DYNAMIC_NO_PIC = NO;
				GCC_NO_COMMON_BLOCKS = YES;
				GCC_OPTIMIZATION_LEVEL = 0;
				GCC_PREPROCESSOR_DEFINITIONS = (
					"DEBUG=1",
					"$(inherited)",
				);
				GCC_WARN_64_TO_32_BIT_CONVERSION = YES;
				GCC_WARN_ABOUT_RETURN_TYPE = YES_ERROR;
				GCC_WARN_UNDECLARED_SELECTOR = YES;
				GCC_WARN_UNINITIALIZED_AUTOS = YES_AGGRESSIVE;
				GCC_WARN_UNUSED_FUNCTION = YES;
				GCC_WARN_UNUSED_VARIABLE = YES;
				IPHONEOS_DEPLOYMENT_TARGET = 10.0;
				MTL_ENABLE_DEBUG_INFO = YES;
				ONLY_ACTIVE_ARCH = YES;
				SDKROOT = iphoneos;
				SWIFT_ACTIVE_COMPILATION_CONDITIONS = DEBUG;
				SWIFT_OPTIMIZATION_LEVEL = "-Onone";
				TARGETED_DEVICE_FAMILY = "1,2";
			};
			name = Debug;
		};
		9B1DC65C1EBA5F34002E489D /* Release */ = {
			isa = XCBuildConfiguration;
			buildSettings = {
				ALWAYS_SEARCH_USER_PATHS = NO;
				CLANG_ANALYZER_NONNULL = YES;
				CLANG_ANALYZER_NUMBER_OBJECT_CONVERSION = YES_AGGRESSIVE;
				CLANG_CXX_LANGUAGE_STANDARD = "gnu++0x";
				CLANG_CXX_LIBRARY = "libc++";
				CLANG_ENABLE_MODULES = YES;
				CLANG_ENABLE_OBJC_ARC = YES;
				CLANG_WARN_BOOL_CONVERSION = YES;
				CLANG_WARN_CONSTANT_CONVERSION = YES;
				CLANG_WARN_DIRECT_OBJC_ISA_USAGE = YES_ERROR;
				CLANG_WARN_DOCUMENTATION_COMMENTS = YES;
				CLANG_WARN_EMPTY_BODY = YES;
				CLANG_WARN_ENUM_CONVERSION = YES;
				CLANG_WARN_INFINITE_RECURSION = YES;
				CLANG_WARN_INT_CONVERSION = YES;
				CLANG_WARN_OBJC_ROOT_CLASS = YES_ERROR;
				CLANG_WARN_SUSPICIOUS_MOVE = YES;
				CLANG_WARN_UNREACHABLE_CODE = YES;
				CLANG_WARN__DUPLICATE_METHOD_MATCH = YES;
				CODE_SIGN_IDENTITY = "iPhone Developer";
				"CODE_SIGN_IDENTITY[sdk=iphoneos*]" = "iPhone Developer";
				COPY_PHASE_STRIP = NO;
				DEBUG_INFORMATION_FORMAT = "dwarf-with-dsym";
				ENABLE_NS_ASSERTIONS = NO;
				ENABLE_STRICT_OBJC_MSGSEND = YES;
				GCC_C_LANGUAGE_STANDARD = gnu99;
				GCC_NO_COMMON_BLOCKS = YES;
				GCC_WARN_64_TO_32_BIT_CONVERSION = YES;
				GCC_WARN_ABOUT_RETURN_TYPE = YES_ERROR;
				GCC_WARN_UNDECLARED_SELECTOR = YES;
				GCC_WARN_UNINITIALIZED_AUTOS = YES_AGGRESSIVE;
				GCC_WARN_UNUSED_FUNCTION = YES;
				GCC_WARN_UNUSED_VARIABLE = YES;
				IPHONEOS_DEPLOYMENT_TARGET = 10.0;
				MTL_ENABLE_DEBUG_INFO = NO;
				SDKROOT = iphoneos;
				SWIFT_OPTIMIZATION_LEVEL = "-Owholemodule";
				TARGETED_DEVICE_FAMILY = "1,2";
				VALIDATE_PRODUCT = YES;
			};
			name = Release;
		};
		9B1DC65E1EBA5F34002E489D /* Debug */ = {
			isa = XCBuildConfiguration;
			baseConfigurationReference = BE6364CBECE5E8365A7D5518 /* Pods-PartyOrganizer.debug.xcconfig */;
			buildSettings = {
				ASSETCATALOG_COMPILER_APPICON_NAME = AppIcon;
				CODE_SIGN_IDENTITY = "iPhone Developer";
				"CODE_SIGN_IDENTITY[sdk=iphoneos*]" = "iPhone Developer";
				DEVELOPMENT_TEAM = U8743T8Z48;
				INFOPLIST_FILE = "$(SRCROOT)/PartyOrganizer/Info.plist";
				IPHONEOS_DEPLOYMENT_TARGET = 10.0;
				LD_RUNPATH_SEARCH_PATHS = "$(inherited) @executable_path/Frameworks";
				PRODUCT_BUNDLE_IDENTIFIER = com.PartyOrganizer;
				PRODUCT_NAME = "$(TARGET_NAME)";
				PROVISIONING_PROFILE_SPECIFIER = "";
				SWIFT_VERSION = 3.0;
			};
			name = Debug;
		};
		9B1DC65F1EBA5F34002E489D /* Release */ = {
			isa = XCBuildConfiguration;
			baseConfigurationReference = 7F57AF1036365D19B9604C06 /* Pods-PartyOrganizer.release.xcconfig */;
			buildSettings = {
				ASSETCATALOG_COMPILER_APPICON_NAME = AppIcon;
				CODE_SIGN_IDENTITY = "iPhone Developer";
				"CODE_SIGN_IDENTITY[sdk=iphoneos*]" = "iPhone Developer";
				DEVELOPMENT_TEAM = U8743T8Z48;
				INFOPLIST_FILE = "$(SRCROOT)/PartyOrganizer/Info.plist";
				IPHONEOS_DEPLOYMENT_TARGET = 10.0;
				LD_RUNPATH_SEARCH_PATHS = "$(inherited) @executable_path/Frameworks";
				PRODUCT_BUNDLE_IDENTIFIER = com.PartyOrganizer;
				PRODUCT_NAME = "$(TARGET_NAME)";
				PROVISIONING_PROFILE_SPECIFIER = "";
				SWIFT_VERSION = 3.0;
			};
			name = Release;
		};
/* End XCBuildConfiguration section */

/* Begin XCConfigurationList section */
		9B1DC6431EBA5F34002E489D /* Build configuration list for PBXProject "PartyOrganizer" */ = {
			isa = XCConfigurationList;
			buildConfigurations = (
				9B1DC65B1EBA5F34002E489D /* Debug */,
				9B1DC65C1EBA5F34002E489D /* Release */,
			);
			defaultConfigurationIsVisible = 0;
			defaultConfigurationName = Release;
		};
		9B1DC65D1EBA5F34002E489D /* Build configuration list for PBXNativeTarget "PartyOrganizer" */ = {
			isa = XCConfigurationList;
			buildConfigurations = (
				9B1DC65E1EBA5F34002E489D /* Debug */,
				9B1DC65F1EBA5F34002E489D /* Release */,
			);
			defaultConfigurationIsVisible = 0;
			defaultConfigurationName = Release;
		};
/* End XCConfigurationList section */

/* Begin XCVersionGroup section */
		9B90F1321F3A44BC0060D314 /* PartyOrganizer.xcdatamodeld */ = {
			isa = XCVersionGroup;
			children = (
				9B90F1331F3A44BC0060D314 /* PartyOrg_v_6.xcdatamodel */,
			);
			currentVersion = 9B90F1331F3A44BC0060D314 /* PartyOrg_v_6.xcdatamodel */;
			name = PartyOrganizer.xcdatamodeld;
			path = ../PartyOrganizer/DataModel/PartyOrganizer.xcdatamodeld;
			sourceTree = "<group>";
			versionGroupType = wrapper.xcdatamodel;
		};
/* End XCVersionGroup section */
	};
	rootObject = 9B1DC6401EBA5F34002E489D /* Project object */;
}
