// !$*UTF8*$!
{
	archiveVersion = 1;
	classes = {
	};
	objectVersion = 46;
	objects = {

/* Begin PBXBuildFile section */
		9B0273D11EDCA72F0090F9A3 /* BillViewController.swift in Sources */ = {isa = PBXBuildFile; fileRef = 9B0273D01EDCA72F0090F9A3 /* BillViewController.swift */; };
		9B0273D31EDCA74F0090F9A3 /* BillPresenter.swift in Sources */ = {isa = PBXBuildFile; fileRef = 9B0273D21EDCA74F0090F9A3 /* BillPresenter.swift */; };
		9B0273D51EDDE4590090F9A3 /* BillImageViewCell.swift in Sources */ = {isa = PBXBuildFile; fileRef = 9B0273D41EDDE4590090F9A3 /* BillImageViewCell.swift */; };
		9B0273D91EDF2D940090F9A3 /* PartyOrganizer.xcdatamodeld in Sources */ = {isa = PBXBuildFile; fileRef = 9B0273D71EDF2D940090F9A3 /* PartyOrganizer.xcdatamodeld */; };
		9B0273DB1EDF42F40090F9A3 /* BillTableViewCell.swift in Sources */ = {isa = PBXBuildFile; fileRef = 9B0273DA1EDF42F40090F9A3 /* BillTableViewCell.swift */; };
		9B4F78B51EC1B44400AA51FF /* Bill+CoreDataProperties.swift in Sources */ = {isa = PBXBuildFile; fileRef = 9B4F78B01EC1B44400AA51FF /* Bill+CoreDataProperties.swift */; };
		9B4F78B61EC1B44400AA51FF /* BillImages+CoreDataProperties.swift in Sources */ = {isa = PBXBuildFile; fileRef = 9B4F78B11EC1B44400AA51FF /* BillImages+CoreDataProperties.swift */; };
		9B4F78B71EC1B44400AA51FF /* Event+CoreDataProperties.swift in Sources */ = {isa = PBXBuildFile; fileRef = 9B4F78B21EC1B44400AA51FF /* Event+CoreDataProperties.swift */; };
		9B4F78B81EC1B44400AA51FF /* Member+CoreDataProperties.swift in Sources */ = {isa = PBXBuildFile; fileRef = 9B4F78B31EC1B44400AA51FF /* Member+CoreDataProperties.swift */; };
		9B4F78B91EC1B44400AA51FF /* MemberInBill+CoreDataProperties.swift in Sources */ = {isa = PBXBuildFile; fileRef = 9B4F78B41EC1B44400AA51FF /* MemberInBill+CoreDataProperties.swift */; };
		9B4F78C01EC1B45900AA51FF /* Bill+CoreDataClass.swift in Sources */ = {isa = PBXBuildFile; fileRef = 9B4F78BA1EC1B45900AA51FF /* Bill+CoreDataClass.swift */; };
		9B4F78C11EC1B45900AA51FF /* BillImages+CoreDataClass.swift in Sources */ = {isa = PBXBuildFile; fileRef = 9B4F78BB1EC1B45900AA51FF /* BillImages+CoreDataClass.swift */; };
		9B4F78C21EC1B45900AA51FF /* EntityBase.swift in Sources */ = {isa = PBXBuildFile; fileRef = 9B4F78BC1EC1B45900AA51FF /* EntityBase.swift */; };
		9B4F78C31EC1B45900AA51FF /* Event+CoreDataClass.swift in Sources */ = {isa = PBXBuildFile; fileRef = 9B4F78BD1EC1B45900AA51FF /* Event+CoreDataClass.swift */; };
		9B4F78C41EC1B45900AA51FF /* Member+CoreDataClass.swift in Sources */ = {isa = PBXBuildFile; fileRef = 9B4F78BE1EC1B45900AA51FF /* Member+CoreDataClass.swift */; };
		9B4F78C51EC1B45900AA51FF /* MemberInBill+CoreDataClass.swift in Sources */ = {isa = PBXBuildFile; fileRef = 9B4F78BF1EC1B45900AA51FF /* MemberInBill+CoreDataClass.swift */; };
		9B4F78C71EC1B46800AA51FF /* CoreDataManager.swift in Sources */ = {isa = PBXBuildFile; fileRef = 9B4F78C61EC1B46800AA51FF /* CoreDataManager.swift */; };
		9B4F78CC1EC1B4AB00AA51FF /* AppDelegate.swift in Sources */ = {isa = PBXBuildFile; fileRef = 9B4F78C81EC1B4AB00AA51FF /* AppDelegate.swift */; };
		9B4F78D11EC1B4F700AA51FF /* Assets.xcassets in Resources */ = {isa = PBXBuildFile; fileRef = 9B4F78D01EC1B4F700AA51FF /* Assets.xcassets */; };
		9B4F78D61EC1B51E00AA51FF /* LaunchScreen.storyboard in Resources */ = {isa = PBXBuildFile; fileRef = 9B4F78D21EC1B51E00AA51FF /* LaunchScreen.storyboard */; };
		9B5E01271EC8653900354D24 /* Main.storyboard in Resources */ = {isa = PBXBuildFile; fileRef = 9B5E01261EC8653900354D24 /* Main.storyboard */; };
		9B5E01401EC8E20E00354D24 /* EventTablePresenter.swift in Sources */ = {isa = PBXBuildFile; fileRef = 9B5E013D1EC8E20E00354D24 /* EventTablePresenter.swift */; };
		9B5E01411EC8E20E00354D24 /* EventTableViewCell.swift in Sources */ = {isa = PBXBuildFile; fileRef = 9B5E013E1EC8E20E00354D24 /* EventTableViewCell.swift */; };
		9B5E01421EC8E20E00354D24 /* EventTableViewController.swift in Sources */ = {isa = PBXBuildFile; fileRef = 9B5E013F1EC8E20E00354D24 /* EventTableViewController.swift */; };
		9B761B751ECF849700C6A266 /* UIImageExtenstion.swift in Sources */ = {isa = PBXBuildFile; fileRef = 9B761B741ECF849700C6A266 /* UIImageExtenstion.swift */; };
		9B761B791ED193D400C6A266 /* BillTableViewController.swift in Sources */ = {isa = PBXBuildFile; fileRef = 9B761B781ED193D400C6A266 /* BillTableViewController.swift */; };
		9B761B7B1ED204BA00C6A266 /* EmptyTableMessageView.swift in Sources */ = {isa = PBXBuildFile; fileRef = 9B761B7A1ED204BA00C6A266 /* EmptyTableMessageView.swift */; };
		9B761B7D1ED21B7400C6A266 /* CommonHelper.swift in Sources */ = {isa = PBXBuildFile; fileRef = 9B761B7C1ED21B7400C6A266 /* CommonHelper.swift */; };
		9B761B821ED33A2A00C6A266 /* MemberTableViewController.swift in Sources */ = {isa = PBXBuildFile; fileRef = 9B761B811ED33A2A00C6A266 /* MemberTableViewController.swift */; };
		9B761B861ED33E3E00C6A266 /* MemberTablePresenter.swift in Sources */ = {isa = PBXBuildFile; fileRef = 9B761B851ED33E3E00C6A266 /* MemberTablePresenter.swift */; };
		9B761B881ED33E5A00C6A266 /* BillTableViewPrenester.swift in Sources */ = {isa = PBXBuildFile; fileRef = 9B761B871ED33E5A00C6A266 /* BillTableViewPrenester.swift */; };
		9B761B8C1ED4A6D300C6A266 /* MemberViewController.swift in Sources */ = {isa = PBXBuildFile; fileRef = 9B761B8B1ED4A6D300C6A266 /* MemberViewController.swift */; };
		9B761B8F1ED4A79700C6A266 /* MemberPresenter.swift in Sources */ = {isa = PBXBuildFile; fileRef = 9B761B8E1ED4A79700C6A266 /* MemberPresenter.swift */; };
		9B761B931ED4BAE500C6A266 /* EventInfoBarTitle.swift in Sources */ = {isa = PBXBuildFile; fileRef = 9B761B911ED4BAE500C6A266 /* EventInfoBarTitle.swift */; };
		9B761B961ED4BBCB00C6A266 /* MemberTableViewCell.swift in Sources */ = {isa = PBXBuildFile; fileRef = 9B761B951ED4BBCB00C6A266 /* MemberTableViewCell.swift */; };
		9BB381F21EDB4000000FBB03 /* PagerViewController.swift in Sources */ = {isa = PBXBuildFile; fileRef = 9BB381F11EDB4000000FBB03 /* PagerViewController.swift */; };
		9BFED93E1EC8E64B0083D7DC /* EventPresenter.swift in Sources */ = {isa = PBXBuildFile; fileRef = 9BFED93C1EC8E64B0083D7DC /* EventPresenter.swift */; };
		9BFED93F1EC8E64B0083D7DC /* EventViewController.swift in Sources */ = {isa = PBXBuildFile; fileRef = 9BFED93D1EC8E64B0083D7DC /* EventViewController.swift */; };
		9BFED9431ECB75F00083D7DC /* DataConverter.swift in Sources */ = {isa = PBXBuildFile; fileRef = 9BFED9421ECB75F00083D7DC /* DataConverter.swift */; };
		AE892917B093142AD00A8567 /* Pods_PartyOrganizer.framework in Frameworks */ = {isa = PBXBuildFile; fileRef = 665DE52EF14AF4DDD3715748 /* Pods_PartyOrganizer.framework */; };
/* End PBXBuildFile section */

/* Begin PBXFileReference section */
		665DE52EF14AF4DDD3715748 /* Pods_PartyOrganizer.framework */ = {isa = PBXFileReference; explicitFileType = wrapper.framework; includeInIndex = 0; path = Pods_PartyOrganizer.framework; sourceTree = BUILT_PRODUCTS_DIR; };
		7F57AF1036365D19B9604C06 /* Pods-PartyOrganizer.release.xcconfig */ = {isa = PBXFileReference; includeInIndex = 1; lastKnownFileType = text.xcconfig; name = "Pods-PartyOrganizer.release.xcconfig"; path = "Pods/Target Support Files/Pods-PartyOrganizer/Pods-PartyOrganizer.release.xcconfig"; sourceTree = "<group>"; };
		9B0273D01EDCA72F0090F9A3 /* BillViewController.swift */ = {isa = PBXFileReference; fileEncoding = 4; lastKnownFileType = sourcecode.swift; name = BillViewController.swift; path = PartyOrganizer/Bill/BillViewController.swift; sourceTree = "<group>"; };
		9B0273D21EDCA74F0090F9A3 /* BillPresenter.swift */ = {isa = PBXFileReference; fileEncoding = 4; lastKnownFileType = sourcecode.swift; name = BillPresenter.swift; path = PartyOrganizer/Bill/BillPresenter.swift; sourceTree = "<group>"; };
		9B0273D41EDDE4590090F9A3 /* BillImageViewCell.swift */ = {isa = PBXFileReference; fileEncoding = 4; lastKnownFileType = sourcecode.swift; name = BillImageViewCell.swift; path = PartyOrganizer/Bill/BillImageViewCell.swift; sourceTree = "<group>"; };
		9B0273D81EDF2D940090F9A3 /* PartyOrg_v_4.xcdatamodel */ = {isa = PBXFileReference; lastKnownFileType = wrapper.xcdatamodel; path = PartyOrg_v_4.xcdatamodel; sourceTree = "<group>"; };
		9B0273DA1EDF42F40090F9A3 /* BillTableViewCell.swift */ = {isa = PBXFileReference; fileEncoding = 4; lastKnownFileType = sourcecode.swift; name = BillTableViewCell.swift; path = PartyOrganizer/BillList/BillTableViewCell.swift; sourceTree = "<group>"; };
		9B1DC6481EBA5F34002E489D /* PartyOrganizer.app */ = {isa = PBXFileReference; explicitFileType = wrapper.application; includeInIndex = 0; path = PartyOrganizer.app; sourceTree = BUILT_PRODUCTS_DIR; };
		9B4F78B01EC1B44400AA51FF /* Bill+CoreDataProperties.swift */ = {isa = PBXFileReference; fileEncoding = 4; lastKnownFileType = sourcecode.swift; name = "Bill+CoreDataProperties.swift"; path = "PartyOrganizer/DataModel/CoreDataProperties/Bill+CoreDataProperties.swift"; sourceTree = SOURCE_ROOT; };
		9B4F78B11EC1B44400AA51FF /* BillImages+CoreDataProperties.swift */ = {isa = PBXFileReference; fileEncoding = 4; lastKnownFileType = sourcecode.swift; name = "BillImages+CoreDataProperties.swift"; path = "PartyOrganizer/DataModel/CoreDataProperties/BillImages+CoreDataProperties.swift"; sourceTree = SOURCE_ROOT; };
		9B4F78B21EC1B44400AA51FF /* Event+CoreDataProperties.swift */ = {isa = PBXFileReference; fileEncoding = 4; lastKnownFileType = sourcecode.swift; name = "Event+CoreDataProperties.swift"; path = "PartyOrganizer/DataModel/CoreDataProperties/Event+CoreDataProperties.swift"; sourceTree = SOURCE_ROOT; };
		9B4F78B31EC1B44400AA51FF /* Member+CoreDataProperties.swift */ = {isa = PBXFileReference; fileEncoding = 4; lastKnownFileType = sourcecode.swift; name = "Member+CoreDataProperties.swift"; path = "PartyOrganizer/DataModel/CoreDataProperties/Member+CoreDataProperties.swift"; sourceTree = SOURCE_ROOT; };
		9B4F78B41EC1B44400AA51FF /* MemberInBill+CoreDataProperties.swift */ = {isa = PBXFileReference; fileEncoding = 4; lastKnownFileType = sourcecode.swift; name = "MemberInBill+CoreDataProperties.swift"; path = "PartyOrganizer/DataModel/CoreDataProperties/MemberInBill+CoreDataProperties.swift"; sourceTree = SOURCE_ROOT; };
		9B4F78BA1EC1B45900AA51FF /* Bill+CoreDataClass.swift */ = {isa = PBXFileReference; fileEncoding = 4; lastKnownFileType = sourcecode.swift; name = "Bill+CoreDataClass.swift"; path = "PartyOrganizer/DataModel/CoreDataClasses/Bill+CoreDataClass.swift"; sourceTree = SOURCE_ROOT; };
		9B4F78BB1EC1B45900AA51FF /* BillImages+CoreDataClass.swift */ = {isa = PBXFileReference; fileEncoding = 4; lastKnownFileType = sourcecode.swift; name = "BillImages+CoreDataClass.swift"; path = "PartyOrganizer/DataModel/CoreDataClasses/BillImages+CoreDataClass.swift"; sourceTree = SOURCE_ROOT; };
		9B4F78BC1EC1B45900AA51FF /* EntityBase.swift */ = {isa = PBXFileReference; fileEncoding = 4; lastKnownFileType = sourcecode.swift; name = EntityBase.swift; path = PartyOrganizer/DataModel/CoreDataClasses/EntityBase.swift; sourceTree = SOURCE_ROOT; };
		9B4F78BD1EC1B45900AA51FF /* Event+CoreDataClass.swift */ = {isa = PBXFileReference; fileEncoding = 4; lastKnownFileType = sourcecode.swift; name = "Event+CoreDataClass.swift"; path = "PartyOrganizer/DataModel/CoreDataClasses/Event+CoreDataClass.swift"; sourceTree = SOURCE_ROOT; };
		9B4F78BE1EC1B45900AA51FF /* Member+CoreDataClass.swift */ = {isa = PBXFileReference; fileEncoding = 4; lastKnownFileType = sourcecode.swift; name = "Member+CoreDataClass.swift"; path = "PartyOrganizer/DataModel/CoreDataClasses/Member+CoreDataClass.swift"; sourceTree = SOURCE_ROOT; };
		9B4F78BF1EC1B45900AA51FF /* MemberInBill+CoreDataClass.swift */ = {isa = PBXFileReference; fileEncoding = 4; lastKnownFileType = sourcecode.swift; name = "MemberInBill+CoreDataClass.swift"; path = "PartyOrganizer/DataModel/CoreDataClasses/MemberInBill+CoreDataClass.swift"; sourceTree = SOURCE_ROOT; };
		9B4F78C61EC1B46800AA51FF /* CoreDataManager.swift */ = {isa = PBXFileReference; fileEncoding = 4; lastKnownFileType = sourcecode.swift; name = CoreDataManager.swift; path = PartyOrganizer/DataModel/CoreDataManager.swift; sourceTree = SOURCE_ROOT; };
		9B4F78C81EC1B4AB00AA51FF /* AppDelegate.swift */ = {isa = PBXFileReference; fileEncoding = 4; lastKnownFileType = sourcecode.swift; name = AppDelegate.swift; path = PartyOrganizer/AppDelegate.swift; sourceTree = SOURCE_ROOT; };
		9B4F78C91EC1B4AB00AA51FF /* Info.plist */ = {isa = PBXFileReference; fileEncoding = 4; lastKnownFileType = text.plist.xml; name = Info.plist; path = PartyOrganizer/Info.plist; sourceTree = SOURCE_ROOT; };
		9B4F78D01EC1B4F700AA51FF /* Assets.xcassets */ = {isa = PBXFileReference; lastKnownFileType = folder.assetcatalog; name = Assets.xcassets; path = PartyOrganizer/Assets.xcassets; sourceTree = SOURCE_ROOT; };
		9B4F78D31EC1B51E00AA51FF /* Base */ = {isa = PBXFileReference; lastKnownFileType = file.storyboard; name = Base; path = PartyOrganizer/Base.lproj/LaunchScreen.storyboard; sourceTree = "<group>"; };
		9B5E01261EC8653900354D24 /* Main.storyboard */ = {isa = PBXFileReference; fileEncoding = 4; lastKnownFileType = file.storyboard; name = Main.storyboard; path = PartyOrganizer/View/Main.storyboard; sourceTree = "<group>"; };
		9B5E013D1EC8E20E00354D24 /* EventTablePresenter.swift */ = {isa = PBXFileReference; fileEncoding = 4; lastKnownFileType = sourcecode.swift; name = EventTablePresenter.swift; path = PartyOrganizer/EventList/EventTablePresenter.swift; sourceTree = "<group>"; };
		9B5E013E1EC8E20E00354D24 /* EventTableViewCell.swift */ = {isa = PBXFileReference; fileEncoding = 4; lastKnownFileType = sourcecode.swift; name = EventTableViewCell.swift; path = PartyOrganizer/EventList/EventTableViewCell.swift; sourceTree = "<group>"; };
		9B5E013F1EC8E20E00354D24 /* EventTableViewController.swift */ = {isa = PBXFileReference; fileEncoding = 4; lastKnownFileType = sourcecode.swift; name = EventTableViewController.swift; path = PartyOrganizer/EventList/EventTableViewController.swift; sourceTree = "<group>"; };
		9B761B741ECF849700C6A266 /* UIImageExtenstion.swift */ = {isa = PBXFileReference; fileEncoding = 4; lastKnownFileType = sourcecode.swift; name = UIImageExtenstion.swift; path = PartyOrganizer/Extenstions/UIImageExtenstion.swift; sourceTree = "<group>"; };
		9B761B781ED193D400C6A266 /* BillTableViewController.swift */ = {isa = PBXFileReference; fileEncoding = 4; lastKnownFileType = sourcecode.swift; name = BillTableViewController.swift; path = PartyOrganizer/BillList/BillTableViewController.swift; sourceTree = "<group>"; };
		9B761B7A1ED204BA00C6A266 /* EmptyTableMessageView.swift */ = {isa = PBXFileReference; fileEncoding = 4; lastKnownFileType = sourcecode.swift; name = EmptyTableMessageView.swift; path = PartyOrganizer/View/EmptyTableMessageView.swift; sourceTree = "<group>"; };
		9B761B7C1ED21B7400C6A266 /* CommonHelper.swift */ = {isa = PBXFileReference; fileEncoding = 4; lastKnownFileType = sourcecode.swift; name = CommonHelper.swift; path = PartyOrganizer/Extenstions/CommonHelper.swift; sourceTree = "<group>"; };
		9B761B811ED33A2A00C6A266 /* MemberTableViewController.swift */ = {isa = PBXFileReference; fileEncoding = 4; lastKnownFileType = sourcecode.swift; name = MemberTableViewController.swift; path = PartyOrganizer/MemberList/MemberTableViewController.swift; sourceTree = "<group>"; };
		9B761B851ED33E3E00C6A266 /* MemberTablePresenter.swift */ = {isa = PBXFileReference; fileEncoding = 4; lastKnownFileType = sourcecode.swift; name = MemberTablePresenter.swift; path = PartyOrganizer/MemberList/MemberTablePresenter.swift; sourceTree = "<group>"; };
		9B761B871ED33E5A00C6A266 /* BillTableViewPrenester.swift */ = {isa = PBXFileReference; fileEncoding = 4; lastKnownFileType = sourcecode.swift; name = BillTableViewPrenester.swift; path = PartyOrganizer/BillList/BillTableViewPrenester.swift; sourceTree = "<group>"; };
		9B761B8B1ED4A6D300C6A266 /* MemberViewController.swift */ = {isa = PBXFileReference; fileEncoding = 4; lastKnownFileType = sourcecode.swift; name = MemberViewController.swift; path = PartyOrganizer/Member/MemberViewController.swift; sourceTree = "<group>"; };
		9B761B8E1ED4A79700C6A266 /* MemberPresenter.swift */ = {isa = PBXFileReference; fileEncoding = 4; lastKnownFileType = sourcecode.swift; name = MemberPresenter.swift; path = PartyOrganizer/Member/MemberPresenter.swift; sourceTree = "<group>"; };
		9B761B911ED4BAE500C6A266 /* EventInfoBarTitle.swift */ = {isa = PBXFileReference; fileEncoding = 4; lastKnownFileType = sourcecode.swift; name = EventInfoBarTitle.swift; path = PartyOrganizer/View/EventTabBar/EventInfoBarTitle.swift; sourceTree = "<group>"; };
		9B761B951ED4BBCB00C6A266 /* MemberTableViewCell.swift */ = {isa = PBXFileReference; fileEncoding = 4; lastKnownFileType = sourcecode.swift; name = MemberTableViewCell.swift; path = PartyOrganizer/MemberList/MemberTableViewCell.swift; sourceTree = "<group>"; };
		9BB381F11EDB4000000FBB03 /* PagerViewController.swift */ = {isa = PBXFileReference; fileEncoding = 4; lastKnownFileType = sourcecode.swift; name = PagerViewController.swift; path = PartyOrganizer/View/EventTabBar/PagerViewController.swift; sourceTree = "<group>"; };
		9BFED93C1EC8E64B0083D7DC /* EventPresenter.swift */ = {isa = PBXFileReference; fileEncoding = 4; lastKnownFileType = sourcecode.swift; name = EventPresenter.swift; path = PartyOrganizer/Event/EventPresenter.swift; sourceTree = "<group>"; };
		9BFED93D1EC8E64B0083D7DC /* EventViewController.swift */ = {isa = PBXFileReference; fileEncoding = 4; lastKnownFileType = sourcecode.swift; name = EventViewController.swift; path = PartyOrganizer/Event/EventViewController.swift; sourceTree = "<group>"; };
		9BFED9421ECB75F00083D7DC /* DataConverter.swift */ = {isa = PBXFileReference; fileEncoding = 4; lastKnownFileType = sourcecode.swift; name = DataConverter.swift; path = PartyOrganizer/DataModel/DataConverter.swift; sourceTree = "<group>"; };
		BE6364CBECE5E8365A7D5518 /* Pods-PartyOrganizer.debug.xcconfig */ = {isa = PBXFileReference; includeInIndex = 1; lastKnownFileType = text.xcconfig; name = "Pods-PartyOrganizer.debug.xcconfig"; path = "Pods/Target Support Files/Pods-PartyOrganizer/Pods-PartyOrganizer.debug.xcconfig"; sourceTree = "<group>"; };
/* End PBXFileReference section */

/* Begin PBXFrameworksBuildPhase section */
		9B1DC6451EBA5F34002E489D /* Frameworks */ = {
			isa = PBXFrameworksBuildPhase;
			buildActionMask = 2147483647;
			files = (
				AE892917B093142AD00A8567 /* Pods_PartyOrganizer.framework in Frameworks */,
			);
			runOnlyForDeploymentPostprocessing = 0;
		};
/* End PBXFrameworksBuildPhase section */

/* Begin PBXGroup section */
		1EE7054CE1ABDD0DF4AD3398 /* Pods */ = {
			isa = PBXGroup;
			children = (
				BE6364CBECE5E8365A7D5518 /* Pods-PartyOrganizer.debug.xcconfig */,
				7F57AF1036365D19B9604C06 /* Pods-PartyOrganizer.release.xcconfig */,
			);
			name = Pods;
			sourceTree = "<group>";
		};
		499F7F31A74048584F8A2A64 /* Frameworks */ = {
			isa = PBXGroup;
			children = (
				665DE52EF14AF4DDD3715748 /* Pods_PartyOrganizer.framework */,
			);
			name = Frameworks;
			sourceTree = "<group>";
		};
		9B0273CF1EDCA70B0090F9A3 /* Bill */ = {
			isa = PBXGroup;
			children = (
				9B0273D01EDCA72F0090F9A3 /* BillViewController.swift */,
				9B0273D21EDCA74F0090F9A3 /* BillPresenter.swift */,
				9B0273D41EDDE4590090F9A3 /* BillImageViewCell.swift */,
			);
			name = Bill;
			sourceTree = "<group>";
		};
		9B1DC63F1EBA5F34002E489D = {
			isa = PBXGroup;
			children = (
				9B4F78D81EC1B63A00AA51FF /* PartyOrganizer */,
				9B1DC6491EBA5F34002E489D /* Products */,
				1EE7054CE1ABDD0DF4AD3398 /* Pods */,
				499F7F31A74048584F8A2A64 /* Frameworks */,
			);
			sourceTree = "<group>";
		};
		9B1DC6491EBA5F34002E489D /* Products */ = {
			isa = PBXGroup;
			children = (
				9B1DC6481EBA5F34002E489D /* PartyOrganizer.app */,
			);
			name = Products;
			sourceTree = "<group>";
		};
		9B1DC6771EBF823F002E489D /* DataModel */ = {
			isa = PBXGroup;
			children = (
				9B1DC68E1EBF870C002E489D /* CoreDataClasses */,
				9B1DC68F1EBF8715002E489D /* CoreDataProperties */,
			);
			name = DataModel;
			path = CoreDataSample;
			sourceTree = "<group>";
		};
		9B1DC68E1EBF870C002E489D /* CoreDataClasses */ = {
			isa = PBXGroup;
			children = (
				9B4F78BA1EC1B45900AA51FF /* Bill+CoreDataClass.swift */,
				9B4F78BB1EC1B45900AA51FF /* BillImages+CoreDataClass.swift */,
				9B4F78BC1EC1B45900AA51FF /* EntityBase.swift */,
				9B4F78BD1EC1B45900AA51FF /* Event+CoreDataClass.swift */,
				9B4F78BE1EC1B45900AA51FF /* Member+CoreDataClass.swift */,
				9B4F78BF1EC1B45900AA51FF /* MemberInBill+CoreDataClass.swift */,
			);
			name = CoreDataClasses;
			sourceTree = "<group>";
		};
		9B1DC68F1EBF8715002E489D /* CoreDataProperties */ = {
			isa = PBXGroup;
			children = (
				9B4F78B01EC1B44400AA51FF /* Bill+CoreDataProperties.swift */,
				9B4F78B11EC1B44400AA51FF /* BillImages+CoreDataProperties.swift */,
				9B4F78B21EC1B44400AA51FF /* Event+CoreDataProperties.swift */,
				9B4F78B31EC1B44400AA51FF /* Member+CoreDataProperties.swift */,
				9B4F78B41EC1B44400AA51FF /* MemberInBill+CoreDataProperties.swift */,
			);
			name = CoreDataProperties;
			sourceTree = "<group>";
		};
		9B4F78D81EC1B63A00AA51FF /* PartyOrganizer */ = {
			isa = PBXGroup;
			children = (
				9B761B8D1ED4A6DF00C6A266 /* Member */,
				9B761B801ED339EC00C6A266 /* MemberList */,
				9B0273CF1EDCA70B0090F9A3 /* Bill */,
				9B761B771ED1937E00C6A266 /* BillList */,
				9B761B731ECF847400C6A266 /* Extentions */,
				9B5E013C1EC8D58600354D24 /* Event */,
				9B4F78E11EC1B92E00AA51FF /* EventList */,
				9B4F78E01EC1B90B00AA51FF /* View */,
				9B4F78C81EC1B4AB00AA51FF /* AppDelegate.swift */,
				9B4F78C91EC1B4AB00AA51FF /* Info.plist */,
				9B4F78D01EC1B4F700AA51FF /* Assets.xcassets */,
				9B1DC6771EBF823F002E489D /* DataModel */,
				9B4F78C61EC1B46800AA51FF /* CoreDataManager.swift */,
				9BFED9421ECB75F00083D7DC /* DataConverter.swift */,
			);
			name = PartyOrganizer;
			sourceTree = "<group>";
		};
		9B4F78E01EC1B90B00AA51FF /* View */ = {
			isa = PBXGroup;
			children = (
				9B761B901ED4BA8E00C6A266 /* EventTabBar */,
				9B4F78D21EC1B51E00AA51FF /* LaunchScreen.storyboard */,
				9B5E01261EC8653900354D24 /* Main.storyboard */,
				9B0273D71EDF2D940090F9A3 /* PartyOrganizer.xcdatamodeld */,
				9B761B7A1ED204BA00C6A266 /* EmptyTableMessageView.swift */,
			);
			name = View;
			sourceTree = "<group>";
		};
		9B4F78E11EC1B92E00AA51FF /* EventList */ = {
			isa = PBXGroup;
			children = (
				9B5E013D1EC8E20E00354D24 /* EventTablePresenter.swift */,
				9B5E013E1EC8E20E00354D24 /* EventTableViewCell.swift */,
				9B5E013F1EC8E20E00354D24 /* EventTableViewController.swift */,
			);
			name = EventList;
			sourceTree = "<group>";
		};
		9B5E013C1EC8D58600354D24 /* Event */ = {
			isa = PBXGroup;
			children = (
				9BFED93C1EC8E64B0083D7DC /* EventPresenter.swift */,
				9BFED93D1EC8E64B0083D7DC /* EventViewController.swift */,
			);
			name = Event;
			sourceTree = "<group>";
		};
		9B761B731ECF847400C6A266 /* Extentions */ = {
			isa = PBXGroup;
			children = (
				9B761B741ECF849700C6A266 /* UIImageExtenstion.swift */,
				9B761B7C1ED21B7400C6A266 /* CommonHelper.swift */,
			);
			name = Extentions;
			sourceTree = "<group>";
		};
		9B761B771ED1937E00C6A266 /* BillList */ = {
			isa = PBXGroup;
			children = (
				9B761B781ED193D400C6A266 /* BillTableViewController.swift */,
				9B0273DA1EDF42F40090F9A3 /* BillTableViewCell.swift */,
				9B761B871ED33E5A00C6A266 /* BillTableViewPrenester.swift */,
			);
			name = BillList;
			sourceTree = "<group>";
		};
		9B761B801ED339EC00C6A266 /* MemberList */ = {
			isa = PBXGroup;
			children = (
				9B761B811ED33A2A00C6A266 /* MemberTableViewController.swift */,
				9B761B951ED4BBCB00C6A266 /* MemberTableViewCell.swift */,
				9B761B851ED33E3E00C6A266 /* MemberTablePresenter.swift */,
			);
			name = MemberList;
			sourceTree = "<group>";
		};
		9B761B8D1ED4A6DF00C6A266 /* Member */ = {
			isa = PBXGroup;
			children = (
				9B761B8B1ED4A6D300C6A266 /* MemberViewController.swift */,
				9B761B8E1ED4A79700C6A266 /* MemberPresenter.swift */,
			);
			name = Member;
			sourceTree = "<group>";
		};
		9B761B901ED4BA8E00C6A266 /* EventTabBar */ = {
			isa = PBXGroup;
			children = (
				9B761B911ED4BAE500C6A266 /* EventInfoBarTitle.swift */,
				9BB381F11EDB4000000FBB03 /* PagerViewController.swift */,
			);
			name = EventTabBar;
			sourceTree = "<group>";
		};
/* End PBXGroup section */

/* Begin PBXNativeTarget section */
		9B1DC6471EBA5F34002E489D /* PartyOrganizer */ = {
			isa = PBXNativeTarget;
			buildConfigurationList = 9B1DC65D1EBA5F34002E489D /* Build configuration list for PBXNativeTarget "PartyOrganizer" */;
			buildPhases = (
				FA7703AB76E6964F1D0B37F8 /* [CP] Check Pods Manifest.lock */,
				9B1DC6441EBA5F34002E489D /* Sources */,
				9B1DC6451EBA5F34002E489D /* Frameworks */,
				9B1DC6461EBA5F34002E489D /* Resources */,
				CF5B79513B4FF483196F3F41 /* [CP] Embed Pods Frameworks */,
				AC5EC61F83C40017875DFA70 /* [CP] Copy Pods Resources */,
			);
			buildRules = (
			);
			dependencies = (
			);
			name = PartyOrganizer;
			productName = CoreDataSample;
			productReference = 9B1DC6481EBA5F34002E489D /* PartyOrganizer.app */;
			productType = "com.apple.product-type.application";
		};
/* End PBXNativeTarget section */

/* Begin PBXProject section */
		9B1DC6401EBA5F34002E489D /* Project object */ = {
			isa = PBXProject;
			attributes = {
				LastSwiftUpdateCheck = 0830;
				LastUpgradeCheck = 0830;
				ORGANIZATIONNAME = "Максим Казаков";
				TargetAttributes = {
					9B1DC6471EBA5F34002E489D = {
						CreatedOnToolsVersion = 8.3.2;
						DevelopmentTeam = N238M9R3EM;
						ProvisioningStyle = Automatic;
					};
				};
			};
			buildConfigurationList = 9B1DC6431EBA5F34002E489D /* Build configuration list for PBXProject "PartyOrganizer" */;
			compatibilityVersion = "Xcode 3.2";
			developmentRegion = English;
			hasScannedForEncodings = 0;
			knownRegions = (
				en,
				Base,
			);
			mainGroup = 9B1DC63F1EBA5F34002E489D;
			productRefGroup = 9B1DC6491EBA5F34002E489D /* Products */;
			projectDirPath = "";
			projectRoot = "";
			targets = (
				9B1DC6471EBA5F34002E489D /* PartyOrganizer */,
			);
		};
/* End PBXProject section */

/* Begin PBXResourcesBuildPhase section */
		9B1DC6461EBA5F34002E489D /* Resources */ = {
			isa = PBXResourcesBuildPhase;
			buildActionMask = 2147483647;
			files = (
				9B4F78D61EC1B51E00AA51FF /* LaunchScreen.storyboard in Resources */,
				9B4F78D11EC1B4F700AA51FF /* Assets.xcassets in Resources */,
				9B5E01271EC8653900354D24 /* Main.storyboard in Resources */,
			);
			runOnlyForDeploymentPostprocessing = 0;
		};
/* End PBXResourcesBuildPhase section */

/* Begin PBXShellScriptBuildPhase section */
		AC5EC61F83C40017875DFA70 /* [CP] Copy Pods Resources */ = {
			isa = PBXShellScriptBuildPhase;
			buildActionMask = 2147483647;
			files = (
			);
			inputPaths = (
			);
			name = "[CP] Copy Pods Resources";
			outputPaths = (
			);
			runOnlyForDeploymentPostprocessing = 0;
			shellPath = /bin/sh;
			shellScript = "\"${SRCROOT}/Pods/Target Support Files/Pods-PartyOrganizer/Pods-PartyOrganizer-resources.sh\"\n";
			showEnvVarsInLog = 0;
		};
		CF5B79513B4FF483196F3F41 /* [CP] Embed Pods Frameworks */ = {
			isa = PBXShellScriptBuildPhase;
			buildActionMask = 2147483647;
			files = (
			);
			inputPaths = (
			);
			name = "[CP] Embed Pods Frameworks";
			outputPaths = (
			);
			runOnlyForDeploymentPostprocessing = 0;
			shellPath = /bin/sh;
			shellScript = "\"${SRCROOT}/Pods/Target Support Files/Pods-PartyOrganizer/Pods-PartyOrganizer-frameworks.sh\"\n";
			showEnvVarsInLog = 0;
		};
		FA7703AB76E6964F1D0B37F8 /* [CP] Check Pods Manifest.lock */ = {
			isa = PBXShellScriptBuildPhase;
			buildActionMask = 2147483647;
			files = (
			);
			inputPaths = (
			);
			name = "[CP] Check Pods Manifest.lock";
			outputPaths = (
			);
			runOnlyForDeploymentPostprocessing = 0;
			shellPath = /bin/sh;
			shellScript = "diff \"${PODS_ROOT}/../Podfile.lock\" \"${PODS_ROOT}/Manifest.lock\" > /dev/null\nif [ $? != 0 ] ; then\n    # print error to STDERR\n    echo \"error: The sandbox is not in sync with the Podfile.lock. Run 'pod install' or update your CocoaPods installation.\" >&2\n    exit 1\nfi\n";
			showEnvVarsInLog = 0;
		};
/* End PBXShellScriptBuildPhase section */

/* Begin PBXSourcesBuildPhase section */
		9B1DC6441EBA5F34002E489D /* Sources */ = {
			isa = PBXSourcesBuildPhase;
			buildActionMask = 2147483647;
			files = (
				9B5E01411EC8E20E00354D24 /* EventTableViewCell.swift in Sources */,
				9B4F78C01EC1B45900AA51FF /* Bill+CoreDataClass.swift in Sources */,
				9B5E01401EC8E20E00354D24 /* EventTablePresenter.swift in Sources */,
				9B5E01421EC8E20E00354D24 /* EventTableViewController.swift in Sources */,
				9B0273DB1EDF42F40090F9A3 /* BillTableViewCell.swift in Sources */,
				9B4F78C41EC1B45900AA51FF /* Member+CoreDataClass.swift in Sources */,
				9B761B861ED33E3E00C6A266 /* MemberTablePresenter.swift in Sources */,
				9BFED93F1EC8E64B0083D7DC /* EventViewController.swift in Sources */,
				9B761B791ED193D400C6A266 /* BillTableViewController.swift in Sources */,
				9BB381F21EDB4000000FBB03 /* PagerViewController.swift in Sources */,
				9B0273D91EDF2D940090F9A3 /* PartyOrganizer.xcdatamodeld in Sources */,
				9BFED93E1EC8E64B0083D7DC /* EventPresenter.swift in Sources */,
				9B4F78C71EC1B46800AA51FF /* CoreDataManager.swift in Sources */,
				9B761B8F1ED4A79700C6A266 /* MemberPresenter.swift in Sources */,
				9B0273D51EDDE4590090F9A3 /* BillImageViewCell.swift in Sources */,
				9B4F78B61EC1B44400AA51FF /* BillImages+CoreDataProperties.swift in Sources */,
				9B4F78C51EC1B45900AA51FF /* MemberInBill+CoreDataClass.swift in Sources */,
				9B761B751ECF849700C6A266 /* UIImageExtenstion.swift in Sources */,
				9B0273D31EDCA74F0090F9A3 /* BillPresenter.swift in Sources */,
				9B761B961ED4BBCB00C6A266 /* MemberTableViewCell.swift in Sources */,
				9B4F78C11EC1B45900AA51FF /* BillImages+CoreDataClass.swift in Sources */,
				9B4F78B91EC1B44400AA51FF /* MemberInBill+CoreDataProperties.swift in Sources */,
				9B761B7D1ED21B7400C6A266 /* CommonHelper.swift in Sources */,
				9B761B881ED33E5A00C6A266 /* BillTableViewPrenester.swift in Sources */,
				9B761B8C1ED4A6D300C6A266 /* MemberViewController.swift in Sources */,
				9B761B931ED4BAE500C6A266 /* EventInfoBarTitle.swift in Sources */,
				9B4F78B71EC1B44400AA51FF /* Event+CoreDataProperties.swift in Sources */,
				9B761B7B1ED204BA00C6A266 /* EmptyTableMessageView.swift in Sources */,
				9B4F78CC1EC1B4AB00AA51FF /* AppDelegate.swift in Sources */,
				9BFED9431ECB75F00083D7DC /* DataConverter.swift in Sources */,
				9B4F78C31EC1B45900AA51FF /* Event+CoreDataClass.swift in Sources */,
				9B4F78C21EC1B45900AA51FF /* EntityBase.swift in Sources */,
				9B0273D11EDCA72F0090F9A3 /* BillViewController.swift in Sources */,
				9B761B821ED33A2A00C6A266 /* MemberTableViewController.swift in Sources */,
				9B4F78B51EC1B44400AA51FF /* Bill+CoreDataProperties.swift in Sources */,
				9B4F78B81EC1B44400AA51FF /* Member+CoreDataProperties.swift in Sources */,
			);
			runOnlyForDeploymentPostprocessing = 0;
		};
/* End PBXSourcesBuildPhase section */

/* Begin PBXVariantGroup section */
		9B4F78D21EC1B51E00AA51FF /* LaunchScreen.storyboard */ = {
			isa = PBXVariantGroup;
			children = (
				9B4F78D31EC1B51E00AA51FF /* Base */,
			);
			name = LaunchScreen.storyboard;
			sourceTree = "<group>";
		};
/* End PBXVariantGroup section */

/* Begin XCBuildConfiguration section */
		9B1DC65B1EBA5F34002E489D /* Debug */ = {
			isa = XCBuildConfiguration;
			buildSettings = {
				ALWAYS_SEARCH_USER_PATHS = NO;
				CLANG_ANALYZER_NONNULL = YES;
				CLANG_ANALYZER_NUMBER_OBJECT_CONVERSION = YES_AGGRESSIVE;
				CLANG_CXX_LANGUAGE_STANDARD = "gnu++0x";
				CLANG_CXX_LIBRARY = "libc++";
				CLANG_ENABLE_MODULES = YES;
				CLANG_ENABLE_OBJC_ARC = YES;
				CLANG_WARN_BOOL_CONVERSION = YES;
				CLANG_WARN_CONSTANT_CONVERSION = YES;
				CLANG_WARN_DIRECT_OBJC_ISA_USAGE = YES_ERROR;
				CLANG_WARN_DOCUMENTATION_COMMENTS = YES;
				CLANG_WARN_EMPTY_BODY = YES;
				CLANG_WARN_ENUM_CONVERSION = YES;
				CLANG_WARN_INFINITE_RECURSION = YES;
				CLANG_WARN_INT_CONVERSION = YES;
				CLANG_WARN_OBJC_ROOT_CLASS = YES_ERROR;
				CLANG_WARN_SUSPICIOUS_MOVE = YES;
				CLANG_WARN_UNREACHABLE_CODE = YES;
				CLANG_WARN__DUPLICATE_METHOD_MATCH = YES;
				CODE_SIGN_IDENTITY = "iPhone Developer";
				"CODE_SIGN_IDENTITY[sdk=iphoneos*]" = "iPhone Developer";
				COPY_PHASE_STRIP = NO;
				DEBUG_INFORMATION_FORMAT = dwarf;
				ENABLE_STRICT_OBJC_MSGSEND = YES;
				ENABLE_TESTABILITY = YES;
				GCC_C_LANGUAGE_STANDARD = gnu99;
				GCC_DYNAMIC_NO_PIC = NO;
				GCC_NO_COMMON_BLOCKS = YES;
				GCC_OPTIMIZATION_LEVEL = 0;
				GCC_PREPROCESSOR_DEFINITIONS = (
					"DEBUG=1",
					"$(inherited)",
				);
				GCC_WARN_64_TO_32_BIT_CONVERSION = YES;
				GCC_WARN_ABOUT_RETURN_TYPE = YES_ERROR;
				GCC_WARN_UNDECLARED_SELECTOR = YES;
				GCC_WARN_UNINITIALIZED_AUTOS = YES_AGGRESSIVE;
				GCC_WARN_UNUSED_FUNCTION = YES;
				GCC_WARN_UNUSED_VARIABLE = YES;
				IPHONEOS_DEPLOYMENT_TARGET = 10.0;
				MTL_ENABLE_DEBUG_INFO = YES;
				ONLY_ACTIVE_ARCH = YES;
				SDKROOT = iphoneos;
				SWIFT_ACTIVE_COMPILATION_CONDITIONS = DEBUG;
				SWIFT_OPTIMIZATION_LEVEL = "-Onone";
				TARGETED_DEVICE_FAMILY = "1,2";
			};
			name = Debug;
		};
		9B1DC65C1EBA5F34002E489D /* Release */ = {
			isa = XCBuildConfiguration;
			buildSettings = {
				ALWAYS_SEARCH_USER_PATHS = NO;
				CLANG_ANALYZER_NONNULL = YES;
				CLANG_ANALYZER_NUMBER_OBJECT_CONVERSION = YES_AGGRESSIVE;
				CLANG_CXX_LANGUAGE_STANDARD = "gnu++0x";
				CLANG_CXX_LIBRARY = "libc++";
				CLANG_ENABLE_MODULES = YES;
				CLANG_ENABLE_OBJC_ARC = YES;
				CLANG_WARN_BOOL_CONVERSION = YES;
				CLANG_WARN_CONSTANT_CONVERSION = YES;
				CLANG_WARN_DIRECT_OBJC_ISA_USAGE = YES_ERROR;
				CLANG_WARN_DOCUMENTATION_COMMENTS = YES;
				CLANG_WARN_EMPTY_BODY = YES;
				CLANG_WARN_ENUM_CONVERSION = YES;
				CLANG_WARN_INFINITE_RECURSION = YES;
				CLANG_WARN_INT_CONVERSION = YES;
				CLANG_WARN_OBJC_ROOT_CLASS = YES_ERROR;
				CLANG_WARN_SUSPICIOUS_MOVE = YES;
				CLANG_WARN_UNREACHABLE_CODE = YES;
				CLANG_WARN__DUPLICATE_METHOD_MATCH = YES;
				CODE_SIGN_IDENTITY = "iPhone Developer";
				"CODE_SIGN_IDENTITY[sdk=iphoneos*]" = "iPhone Developer";
				COPY_PHASE_STRIP = NO;
				DEBUG_INFORMATION_FORMAT = "dwarf-with-dsym";
				ENABLE_NS_ASSERTIONS = NO;
				ENABLE_STRICT_OBJC_MSGSEND = YES;
				GCC_C_LANGUAGE_STANDARD = gnu99;
				GCC_NO_COMMON_BLOCKS = YES;
				GCC_WARN_64_TO_32_BIT_CONVERSION = YES;
				GCC_WARN_ABOUT_RETURN_TYPE = YES_ERROR;
				GCC_WARN_UNDECLARED_SELECTOR = YES;
				GCC_WARN_UNINITIALIZED_AUTOS = YES_AGGRESSIVE;
				GCC_WARN_UNUSED_FUNCTION = YES;
				GCC_WARN_UNUSED_VARIABLE = YES;
				IPHONEOS_DEPLOYMENT_TARGET = 10.0;
				MTL_ENABLE_DEBUG_INFO = NO;
				SDKROOT = iphoneos;
				SWIFT_OPTIMIZATION_LEVEL = "-Owholemodule";
				TARGETED_DEVICE_FAMILY = "1,2";
				VALIDATE_PRODUCT = YES;
			};
			name = Release;
		};
		9B1DC65E1EBA5F34002E489D /* Debug */ = {
			isa = XCBuildConfiguration;
			baseConfigurationReference = BE6364CBECE5E8365A7D5518 /* Pods-PartyOrganizer.debug.xcconfig */;
			buildSettings = {
				ASSETCATALOG_COMPILER_APPICON_NAME = AppIcon;
				CODE_SIGN_IDENTITY = "iPhone Developer";
				"CODE_SIGN_IDENTITY[sdk=iphoneos*]" = "iPhone Developer";
				DEVELOPMENT_TEAM = N238M9R3EM;
				INFOPLIST_FILE = "$(SRCROOT)/PartyOrganizer/Info.plist";
				IPHONEOS_DEPLOYMENT_TARGET = 10.0;
				LD_RUNPATH_SEARCH_PATHS = "$(inherited) @executable_path/Frameworks";
				PRODUCT_BUNDLE_IDENTIFIER = com.EventOrganizerg;
				PRODUCT_NAME = "$(TARGET_NAME)";
				PROVISIONING_PROFILE_SPECIFIER = "";
				SWIFT_VERSION = 3.0;
			};
			name = Debug;
		};
		9B1DC65F1EBA5F34002E489D /* Release */ = {
			isa = XCBuildConfiguration;
			baseConfigurationReference = 7F57AF1036365D19B9604C06 /* Pods-PartyOrganizer.release.xcconfig */;
			buildSettings = {
				ASSETCATALOG_COMPILER_APPICON_NAME = AppIcon;
				CODE_SIGN_IDENTITY = "iPhone Developer";
				"CODE_SIGN_IDENTITY[sdk=iphoneos*]" = "iPhone Developer";
				DEVELOPMENT_TEAM = N238M9R3EM;
				INFOPLIST_FILE = "$(SRCROOT)/PartyOrganizer/Info.plist";
				IPHONEOS_DEPLOYMENT_TARGET = 10.0;
				LD_RUNPATH_SEARCH_PATHS = "$(inherited) @executable_path/Frameworks";
				PRODUCT_BUNDLE_IDENTIFIER = com.EventOrganizerg;
				PRODUCT_NAME = "$(TARGET_NAME)";
				PROVISIONING_PROFILE_SPECIFIER = "";
				SWIFT_VERSION = 3.0;
			};
			name = Release;
		};
/* End XCBuildConfiguration section */

/* Begin XCConfigurationList section */
		9B1DC6431EBA5F34002E489D /* Build configuration list for PBXProject "PartyOrganizer" */ = {
			isa = XCConfigurationList;
			buildConfigurations = (
				9B1DC65B1EBA5F34002E489D /* Debug */,
				9B1DC65C1EBA5F34002E489D /* Release */,
			);
			defaultConfigurationIsVisible = 0;
			defaultConfigurationName = Release;
		};
		9B1DC65D1EBA5F34002E489D /* Build configuration list for PBXNativeTarget "PartyOrganizer" */ = {
			isa = XCConfigurationList;
			buildConfigurations = (
				9B1DC65E1EBA5F34002E489D /* Debug */,
				9B1DC65F1EBA5F34002E489D /* Release */,
			);
			defaultConfigurationIsVisible = 0;
			defaultConfigurationName = Release;
		};
/* End XCConfigurationList section */

/* Begin XCVersionGroup section */
		9B0273D71EDF2D940090F9A3 /* PartyOrganizer.xcdatamodeld */ = {
			isa = XCVersionGroup;
			children = (
				9B0273D81EDF2D940090F9A3 /* PartyOrg_v_4.xcdatamodel */,
			);
			currentVersion = 9B0273D81EDF2D940090F9A3 /* PartyOrg_v_4.xcdatamodel */;
			name = PartyOrganizer.xcdatamodeld;
			path = PartyOrganizer/PartyOrganizer.xcdatamodeld;
			sourceTree = "<group>";
			versionGroupType = wrapper.xcdatamodel;
		};
/* End XCVersionGroup section */
	};
	rootObject = 9B1DC6401EBA5F34002E489D /* Project object */;
}
