// !$*UTF8*$!
{
	archiveVersion = 1;
	classes = {
	};
	objectVersion = 46;
	objects = {

/* Begin PBXBuildFile section */
		88B32AD1A7AA158073149783 /* Pods_PartyOrg.framework in Frameworks */ = {isa = PBXBuildFile; fileRef = B8F2DA1ABE4859C550BC8D97 /* Pods_PartyOrg.framework */; };
		9B4886811F72F43F00E9DCBE /* BillPhotosCollectionViewController.swift in Sources */ = {isa = PBXBuildFile; fileRef = 9B4886801F72F43F00E9DCBE /* BillPhotosCollectionViewController.swift */; };
		9B4886831F72F47600E9DCBE /* BillPhotoViewCell.swift in Sources */ = {isa = PBXBuildFile; fileRef = 9B4886821F72F47600E9DCBE /* BillPhotoViewCell.swift */; };
		9B4886851F76996000E9DCBE /* AddPhotoButtonViewCell.swift in Sources */ = {isa = PBXBuildFile; fileRef = 9B4886841F76996000E9DCBE /* AddPhotoButtonViewCell.swift */; };
		9B64D4DA1F704B6D00AE75AC /* AppPart.swift in Sources */ = {isa = PBXBuildFile; fileRef = 9B64D48C1F704B6D00AE75AC /* AppPart.swift */; };
		9B64D4DB1F704B6D00AE75AC /* AppDelegate.swift in Sources */ = {isa = PBXBuildFile; fileRef = 9B64D48D1F704B6D00AE75AC /* AppDelegate.swift */; };
		9B64D4DC1F704B6D00AE75AC /* AppFramework.swift in Sources */ = {isa = PBXBuildFile; fileRef = 9B64D48E1F704B6D00AE75AC /* AppFramework.swift */; };
		9B64D4DD1F704B6D00AE75AC /* LaunchScreen.storyboard in Resources */ = {isa = PBXBuildFile; fileRef = 9B64D48F1F704B6D00AE75AC /* LaunchScreen.storyboard */; };
		9B64D4DE1F704B6D00AE75AC /* Localizable.strings in Resources */ = {isa = PBXBuildFile; fileRef = 9B64D4911F704B6D00AE75AC /* Localizable.strings */; };
		9B64D4DF1F704B6D00AE75AC /* Main.storyboard in Resources */ = {isa = PBXBuildFile; fileRef = 9B64D4931F704B6D00AE75AC /* Main.storyboard */; };
		9B64D4E11F704B6D00AE75AC /* BillPresenter.swift in Sources */ = {isa = PBXBuildFile; fileRef = 9B64D4971F704B6D00AE75AC /* BillPresenter.swift */; };
		9B64D4E21F704B6D00AE75AC /* BillViewController.swift in Sources */ = {isa = PBXBuildFile; fileRef = 9B64D4981F704B6D00AE75AC /* BillViewController.swift */; };
		9B64D4E31F704B6D00AE75AC /* MemberInBillCell.swift in Sources */ = {isa = PBXBuildFile; fileRef = 9B64D4991F704B6D00AE75AC /* MemberInBillCell.swift */; };
		9B64D4E41F704B6D00AE75AC /* MemberCheckableViewCell.swift in Sources */ = {isa = PBXBuildFile; fileRef = 9B64D49B1F704B6D00AE75AC /* MemberCheckableViewCell.swift */; };
		9B64D4E51F704B6D00AE75AC /* MemberSelectPresenter.swift in Sources */ = {isa = PBXBuildFile; fileRef = 9B64D49C1F704B6D00AE75AC /* MemberSelectPresenter.swift */; };
		9B64D4E61F704B6D00AE75AC /* MemberSelectTableViewController.swift in Sources */ = {isa = PBXBuildFile; fileRef = 9B64D49D1F704B6D00AE75AC /* MemberSelectTableViewController.swift */; };
		9B64D4E71F704B6D00AE75AC /* BillTableViewCell.swift in Sources */ = {isa = PBXBuildFile; fileRef = 9B64D49F1F704B6D00AE75AC /* BillTableViewCell.swift */; };
		9B64D4E81F704B6D00AE75AC /* BillTableViewController.swift in Sources */ = {isa = PBXBuildFile; fileRef = 9B64D4A01F704B6D00AE75AC /* BillTableViewController.swift */; };
		9B64D4E91F704B6D00AE75AC /* BillTableViewPrenester.swift in Sources */ = {isa = PBXBuildFile; fileRef = 9B64D4A11F704B6D00AE75AC /* BillTableViewPrenester.swift */; };
		9B64D4EA1F704B6D00AE75AC /* Bill+CoreDataProperties.swift in Sources */ = {isa = PBXBuildFile; fileRef = 9B64D4A41F704B6D00AE75AC /* Bill+CoreDataProperties.swift */; };
		9B64D4EB1F704B6D00AE75AC /* BillImage+CoreDataProperties.swift in Sources */ = {isa = PBXBuildFile; fileRef = 9B64D4A51F704B6D00AE75AC /* BillImage+CoreDataProperties.swift */; };
		9B64D4EC1F704B6D00AE75AC /* EntityBase.swift in Sources */ = {isa = PBXBuildFile; fileRef = 9B64D4A61F704B6D00AE75AC /* EntityBase.swift */; };
		9B64D4ED1F704B6D00AE75AC /* Event+CoreDataProperties.swift in Sources */ = {isa = PBXBuildFile; fileRef = 9B64D4A71F704B6D00AE75AC /* Event+CoreDataProperties.swift */; };
		9B64D4EE1F704B6D00AE75AC /* Member+CoreDataProperties.swift in Sources */ = {isa = PBXBuildFile; fileRef = 9B64D4A81F704B6D00AE75AC /* Member+CoreDataProperties.swift */; };
		9B64D4EF1F704B6D00AE75AC /* MemberInBill+CoreDataProperties.swift in Sources */ = {isa = PBXBuildFile; fileRef = 9B64D4A91F704B6D00AE75AC /* MemberInBill+CoreDataProperties.swift */; };
		9B64D4F01F704B6D00AE75AC /* CoreDataManager.swift in Sources */ = {isa = PBXBuildFile; fileRef = 9B64D4AA1F704B6D00AE75AC /* CoreDataManager.swift */; };
		9B64D4F11F704B6D00AE75AC /* DataCacheStorage.swift in Sources */ = {isa = PBXBuildFile; fileRef = 9B64D4AB1F704B6D00AE75AC /* DataCacheStorage.swift */; };
		9B64D4F21F704B6D00AE75AC /* DataConverter.swift in Sources */ = {isa = PBXBuildFile; fileRef = 9B64D4AC1F704B6D00AE75AC /* DataConverter.swift */; };
		9B64D4F31F704B6D00AE75AC /* PartyOrganizer.xcdatamodeld in Sources */ = {isa = PBXBuildFile; fileRef = 9B64D4AD1F704B6D00AE75AC /* PartyOrganizer.xcdatamodeld */; };
		9B64D4F51F704B6D00AE75AC /* EventPresenter.swift in Sources */ = {isa = PBXBuildFile; fileRef = 9B64D4B11F704B6D00AE75AC /* EventPresenter.swift */; };
		9B64D4F61F704B6D00AE75AC /* EventViewController.swift in Sources */ = {isa = PBXBuildFile; fileRef = 9B64D4B21F704B6D00AE75AC /* EventViewController.swift */; };
		9B64D4F71F704B6D00AE75AC /* EventTablePresenter.swift in Sources */ = {isa = PBXBuildFile; fileRef = 9B64D4B41F704B6D00AE75AC /* EventTablePresenter.swift */; };
		9B64D4F81F704B6D00AE75AC /* EventTableViewCell.swift in Sources */ = {isa = PBXBuildFile; fileRef = 9B64D4B51F704B6D00AE75AC /* EventTableViewCell.swift */; };
		9B64D4F91F704B6D00AE75AC /* EventTableViewController.swift in Sources */ = {isa = PBXBuildFile; fileRef = 9B64D4B61F704B6D00AE75AC /* EventTableViewController.swift */; };
		9B64D4FA1F704B6D00AE75AC /* Double+Extension.swift in Sources */ = {isa = PBXBuildFile; fileRef = 9B64D4B81F704B6D00AE75AC /* Double+Extension.swift */; };
		9B64D4FB1F704B6D00AE75AC /* ManagedContext+Extension.swift in Sources */ = {isa = PBXBuildFile; fileRef = 9B64D4B91F704B6D00AE75AC /* ManagedContext+Extension.swift */; };
		9B64D4FC1F704B6D00AE75AC /* RBResizer.swift in Sources */ = {isa = PBXBuildFile; fileRef = 9B64D4BA1F704B6D00AE75AC /* RBResizer.swift */; };
		9B64D4FD1F704B6D00AE75AC /* String+Extension.swift in Sources */ = {isa = PBXBuildFile; fileRef = 9B64D4BB1F704B6D00AE75AC /* String+Extension.swift */; };
		9B64D4FE1F704B6D00AE75AC /* StyledView.swift in Sources */ = {isa = PBXBuildFile; fileRef = 9B64D4BC1F704B6D00AE75AC /* StyledView.swift */; };
		9B64D4FF1F704B6D00AE75AC /* UIColor+Extension.swift in Sources */ = {isa = PBXBuildFile; fileRef = 9B64D4BD1F704B6D00AE75AC /* UIColor+Extension.swift */; };
		9B64D5001F704B6D00AE75AC /* UIImageExtenstion.swift in Sources */ = {isa = PBXBuildFile; fileRef = 9B64D4BE1F704B6D00AE75AC /* UIImageExtenstion.swift */; };
		9B64D5051F704B6D00AE75AC /* MemberPresenter.swift in Sources */ = {isa = PBXBuildFile; fileRef = 9B64D4C51F704B6D00AE75AC /* MemberPresenter.swift */; };
		9B64D5071F704B6D00AE75AC /* MemberViewController.swift in Sources */ = {isa = PBXBuildFile; fileRef = 9B64D4C71F704B6D00AE75AC /* MemberViewController.swift */; };
		9B64D5081F704B6D00AE75AC /* MemberTablePresenter.swift in Sources */ = {isa = PBXBuildFile; fileRef = 9B64D4C91F704B6D00AE75AC /* MemberTablePresenter.swift */; };
		9B64D5091F704B6D00AE75AC /* MemberTableViewCell.swift in Sources */ = {isa = PBXBuildFile; fileRef = 9B64D4CA1F704B6D00AE75AC /* MemberTableViewCell.swift */; };
		9B64D50A1F704B6D00AE75AC /* MemberTableViewController.swift in Sources */ = {isa = PBXBuildFile; fileRef = 9B64D4CB1F704B6D00AE75AC /* MemberTableViewController.swift */; };
		9B64D50B1F704B6D00AE75AC /* Assets.xcassets in Resources */ = {isa = PBXBuildFile; fileRef = 9B64D4CD1F704B6D00AE75AC /* Assets.xcassets */; };
		9B64D50C1F704B6D00AE75AC /* Router.swift in Sources */ = {isa = PBXBuildFile; fileRef = 9B64D4CF1F704B6D00AE75AC /* Router.swift */; };
		9B64D50D1F704B6D00AE75AC /* LaunchScreen.strings in Resources */ = {isa = PBXBuildFile; fileRef = 9B64D4D01F704B6D00AE75AC /* LaunchScreen.strings */; };
		9B64D50E1F704B6D00AE75AC /* Main.strings in Resources */ = {isa = PBXBuildFile; fileRef = 9B64D4D31F704B6D00AE75AC /* Main.strings */; };
		9B64D50F1F704B6D00AE75AC /* AddNewItemButton.swift in Sources */ = {isa = PBXBuildFile; fileRef = 9B64D4D61F704B6D00AE75AC /* AddNewItemButton.swift */; };
		9B64D5101F704B6D00AE75AC /* EventInfoBarTitle.swift in Sources */ = {isa = PBXBuildFile; fileRef = 9B64D4D81F704B6D00AE75AC /* EventInfoBarTitle.swift */; };
		9B64D5111F704B6D00AE75AC /* PagerViewController.swift in Sources */ = {isa = PBXBuildFile; fileRef = 9B64D4D91F704B6D00AE75AC /* PagerViewController.swift */; };
		9B64D5131F704BAC00AE75AC /* DummyViewCell.swift in Sources */ = {isa = PBXBuildFile; fileRef = 9B64D5121F704BAC00AE75AC /* DummyViewCell.swift */; };
		9B8A66DF1F8539B700694A9E /* UIViewController+Extension.swift in Sources */ = {isa = PBXBuildFile; fileRef = 9B8A66DE1F8539B700694A9E /* UIViewController+Extension.swift */; };
		9BD2AF1B1F8AA521002AC3AA /* ContactsPickerViewController.swift in Sources */ = {isa = PBXBuildFile; fileRef = 9BD2AF1A1F8AA521002AC3AA /* ContactsPickerViewController.swift */; };
		9BD2AF1D1F8AADCC002AC3AA /* AccessDeniedCell.swift in Sources */ = {isa = PBXBuildFile; fileRef = 9BD2AF1C1F8AADCC002AC3AA /* AccessDeniedCell.swift */; };
		9BD2AF1F1F8AADE3002AC3AA /* ContactViewCell.swift in Sources */ = {isa = PBXBuildFile; fileRef = 9BD2AF1E1F8AADE3002AC3AA /* ContactViewCell.swift */; };
		9BD975D61F77C7620095A08B /* BillPhotosPresenter.swift in Sources */ = {isa = PBXBuildFile; fileRef = 9BD975D51F77C7620095A08B /* BillPhotosPresenter.swift */; };
		9BD975DA1F781EFC0095A08B /* Utils.swift in Sources */ = {isa = PBXBuildFile; fileRef = 9BD975D91F781EFC0095A08B /* Utils.swift */; };
/* End PBXBuildFile section */

/* Begin PBXFileReference section */
		0ED5AC95B33D61C1AB5B931E /* Pods-EventOrganizer.debug.xcconfig */ = {isa = PBXFileReference; includeInIndex = 1; lastKnownFileType = text.xcconfig; name = "Pods-EventOrganizer.debug.xcconfig"; path = "Pods/Target Support Files/Pods-EventOrganizer/Pods-EventOrganizer.debug.xcconfig"; sourceTree = "<group>"; };
		7F57AF1036365D19B9604C06 /* Pods-PartyOrganizer.release.xcconfig */ = {isa = PBXFileReference; includeInIndex = 1; lastKnownFileType = text.xcconfig; name = "Pods-PartyOrganizer.release.xcconfig"; path = "Pods/Target Support Files/Pods-PartyOrganizer/Pods-PartyOrganizer.release.xcconfig"; sourceTree = "<group>"; };
		9592133BD46B9D6779790991 /* Pods-PartyOrg.release.xcconfig */ = {isa = PBXFileReference; includeInIndex = 1; lastKnownFileType = text.xcconfig; name = "Pods-PartyOrg.release.xcconfig"; path = "Pods/Target Support Files/Pods-PartyOrg/Pods-PartyOrg.release.xcconfig"; sourceTree = "<group>"; };
		9B1DC6481EBA5F34002E489D /* PartyOrg.app */ = {isa = PBXFileReference; explicitFileType = wrapper.application; includeInIndex = 0; path = PartyOrg.app; sourceTree = BUILT_PRODUCTS_DIR; };
		9B314B251F82BB3E00CC172A /* PartyOrg_v_8.xcdatamodel */ = {isa = PBXFileReference; lastKnownFileType = wrapper.xcdatamodel; path = PartyOrg_v_8.xcdatamodel; sourceTree = "<group>"; };
		9B4886801F72F43F00E9DCBE /* BillPhotosCollectionViewController.swift */ = {isa = PBXFileReference; fileEncoding = 4; lastKnownFileType = sourcecode.swift; path = BillPhotosCollectionViewController.swift; sourceTree = "<group>"; };
		9B4886821F72F47600E9DCBE /* BillPhotoViewCell.swift */ = {isa = PBXFileReference; fileEncoding = 4; lastKnownFileType = sourcecode.swift; path = BillPhotoViewCell.swift; sourceTree = "<group>"; };
		9B4886841F76996000E9DCBE /* AddPhotoButtonViewCell.swift */ = {isa = PBXFileReference; fileEncoding = 4; lastKnownFileType = sourcecode.swift; path = AddPhotoButtonViewCell.swift; sourceTree = "<group>"; };
		9B64D48C1F704B6D00AE75AC /* AppPart.swift */ = {isa = PBXFileReference; fileEncoding = 4; lastKnownFileType = sourcecode.swift; path = AppPart.swift; sourceTree = "<group>"; };
		9B64D48D1F704B6D00AE75AC /* AppDelegate.swift */ = {isa = PBXFileReference; fileEncoding = 4; lastKnownFileType = sourcecode.swift; path = AppDelegate.swift; sourceTree = "<group>"; };
		9B64D48E1F704B6D00AE75AC /* AppFramework.swift */ = {isa = PBXFileReference; fileEncoding = 4; lastKnownFileType = sourcecode.swift; path = AppFramework.swift; sourceTree = "<group>"; };
		9B64D4901F704B6D00AE75AC /* Base */ = {isa = PBXFileReference; lastKnownFileType = file.storyboard; name = Base; path = Base.lproj/LaunchScreen.storyboard; sourceTree = "<group>"; };
		9B64D4921F704B6D00AE75AC /* Base */ = {isa = PBXFileReference; lastKnownFileType = text.plist.strings; name = Base; path = Base.lproj/Localizable.strings; sourceTree = "<group>"; };
		9B64D4941F704B6D00AE75AC /* Base */ = {isa = PBXFileReference; lastKnownFileType = file.storyboard; name = Base; path = Base.lproj/Main.storyboard; sourceTree = "<group>"; };
		9B64D4971F704B6D00AE75AC /* BillPresenter.swift */ = {isa = PBXFileReference; fileEncoding = 4; lastKnownFileType = sourcecode.swift; path = BillPresenter.swift; sourceTree = "<group>"; };
		9B64D4981F704B6D00AE75AC /* BillViewController.swift */ = {isa = PBXFileReference; fileEncoding = 4; lastKnownFileType = sourcecode.swift; path = BillViewController.swift; sourceTree = "<group>"; };
		9B64D4991F704B6D00AE75AC /* MemberInBillCell.swift */ = {isa = PBXFileReference; fileEncoding = 4; lastKnownFileType = sourcecode.swift; path = MemberInBillCell.swift; sourceTree = "<group>"; };
		9B64D49B1F704B6D00AE75AC /* MemberCheckableViewCell.swift */ = {isa = PBXFileReference; fileEncoding = 4; lastKnownFileType = sourcecode.swift; path = MemberCheckableViewCell.swift; sourceTree = "<group>"; };
		9B64D49C1F704B6D00AE75AC /* MemberSelectPresenter.swift */ = {isa = PBXFileReference; fileEncoding = 4; lastKnownFileType = sourcecode.swift; path = MemberSelectPresenter.swift; sourceTree = "<group>"; };
		9B64D49D1F704B6D00AE75AC /* MemberSelectTableViewController.swift */ = {isa = PBXFileReference; fileEncoding = 4; lastKnownFileType = sourcecode.swift; path = MemberSelectTableViewController.swift; sourceTree = "<group>"; };
		9B64D49F1F704B6D00AE75AC /* BillTableViewCell.swift */ = {isa = PBXFileReference; fileEncoding = 4; lastKnownFileType = sourcecode.swift; path = BillTableViewCell.swift; sourceTree = "<group>"; };
		9B64D4A01F704B6D00AE75AC /* BillTableViewController.swift */ = {isa = PBXFileReference; fileEncoding = 4; lastKnownFileType = sourcecode.swift; path = BillTableViewController.swift; sourceTree = "<group>"; };
		9B64D4A11F704B6D00AE75AC /* BillTableViewPrenester.swift */ = {isa = PBXFileReference; fileEncoding = 4; lastKnownFileType = sourcecode.swift; path = BillTableViewPrenester.swift; sourceTree = "<group>"; };
		9B64D4A41F704B6D00AE75AC /* Bill+CoreDataProperties.swift */ = {isa = PBXFileReference; fileEncoding = 4; lastKnownFileType = sourcecode.swift; path = "Bill+CoreDataProperties.swift"; sourceTree = "<group>"; };
		9B64D4A51F704B6D00AE75AC /* BillImage+CoreDataProperties.swift */ = {isa = PBXFileReference; fileEncoding = 4; lastKnownFileType = sourcecode.swift; path = "BillImage+CoreDataProperties.swift"; sourceTree = "<group>"; };
		9B64D4A61F704B6D00AE75AC /* EntityBase.swift */ = {isa = PBXFileReference; fileEncoding = 4; lastKnownFileType = sourcecode.swift; path = EntityBase.swift; sourceTree = "<group>"; };
		9B64D4A71F704B6D00AE75AC /* Event+CoreDataProperties.swift */ = {isa = PBXFileReference; fileEncoding = 4; lastKnownFileType = sourcecode.swift; path = "Event+CoreDataProperties.swift"; sourceTree = "<group>"; };
		9B64D4A81F704B6D00AE75AC /* Member+CoreDataProperties.swift */ = {isa = PBXFileReference; fileEncoding = 4; lastKnownFileType = sourcecode.swift; path = "Member+CoreDataProperties.swift"; sourceTree = "<group>"; };
		9B64D4A91F704B6D00AE75AC /* MemberInBill+CoreDataProperties.swift */ = {isa = PBXFileReference; fileEncoding = 4; lastKnownFileType = sourcecode.swift; path = "MemberInBill+CoreDataProperties.swift"; sourceTree = "<group>"; };
		9B64D4AA1F704B6D00AE75AC /* CoreDataManager.swift */ = {isa = PBXFileReference; fileEncoding = 4; lastKnownFileType = sourcecode.swift; path = CoreDataManager.swift; sourceTree = "<group>"; };
		9B64D4AB1F704B6D00AE75AC /* DataCacheStorage.swift */ = {isa = PBXFileReference; fileEncoding = 4; lastKnownFileType = sourcecode.swift; path = DataCacheStorage.swift; sourceTree = "<group>"; };
		9B64D4AC1F704B6D00AE75AC /* DataConverter.swift */ = {isa = PBXFileReference; fileEncoding = 4; lastKnownFileType = sourcecode.swift; path = DataConverter.swift; sourceTree = "<group>"; };
		9B64D4AE1F704B6D00AE75AC /* PartyOrg_v_6.xcdatamodel */ = {isa = PBXFileReference; lastKnownFileType = wrapper.xcdatamodel; path = PartyOrg_v_6.xcdatamodel; sourceTree = "<group>"; };
		9B64D4B11F704B6D00AE75AC /* EventPresenter.swift */ = {isa = PBXFileReference; fileEncoding = 4; lastKnownFileType = sourcecode.swift; path = EventPresenter.swift; sourceTree = "<group>"; };
		9B64D4B21F704B6D00AE75AC /* EventViewController.swift */ = {isa = PBXFileReference; fileEncoding = 4; lastKnownFileType = sourcecode.swift; path = EventViewController.swift; sourceTree = "<group>"; };
		9B64D4B41F704B6D00AE75AC /* EventTablePresenter.swift */ = {isa = PBXFileReference; fileEncoding = 4; lastKnownFileType = sourcecode.swift; path = EventTablePresenter.swift; sourceTree = "<group>"; };
		9B64D4B51F704B6D00AE75AC /* EventTableViewCell.swift */ = {isa = PBXFileReference; fileEncoding = 4; lastKnownFileType = sourcecode.swift; path = EventTableViewCell.swift; sourceTree = "<group>"; };
		9B64D4B61F704B6D00AE75AC /* EventTableViewController.swift */ = {isa = PBXFileReference; fileEncoding = 4; lastKnownFileType = sourcecode.swift; path = EventTableViewController.swift; sourceTree = "<group>"; };
		9B64D4B81F704B6D00AE75AC /* Double+Extension.swift */ = {isa = PBXFileReference; fileEncoding = 4; lastKnownFileType = sourcecode.swift; path = "Double+Extension.swift"; sourceTree = "<group>"; };
		9B64D4B91F704B6D00AE75AC /* ManagedContext+Extension.swift */ = {isa = PBXFileReference; fileEncoding = 4; lastKnownFileType = sourcecode.swift; path = "ManagedContext+Extension.swift"; sourceTree = "<group>"; };
		9B64D4BA1F704B6D00AE75AC /* RBResizer.swift */ = {isa = PBXFileReference; fileEncoding = 4; lastKnownFileType = sourcecode.swift; path = RBResizer.swift; sourceTree = "<group>"; };
		9B64D4BB1F704B6D00AE75AC /* String+Extension.swift */ = {isa = PBXFileReference; fileEncoding = 4; lastKnownFileType = sourcecode.swift; path = "String+Extension.swift"; sourceTree = "<group>"; };
		9B64D4BC1F704B6D00AE75AC /* StyledView.swift */ = {isa = PBXFileReference; fileEncoding = 4; lastKnownFileType = sourcecode.swift; path = StyledView.swift; sourceTree = "<group>"; };
		9B64D4BD1F704B6D00AE75AC /* UIColor+Extension.swift */ = {isa = PBXFileReference; fileEncoding = 4; lastKnownFileType = sourcecode.swift; path = "UIColor+Extension.swift"; sourceTree = "<group>"; };
		9B64D4BE1F704B6D00AE75AC /* UIImageExtenstion.swift */ = {isa = PBXFileReference; fileEncoding = 4; lastKnownFileType = sourcecode.swift; path = UIImageExtenstion.swift; sourceTree = "<group>"; };
		9B64D4C31F704B6D00AE75AC /* Info.plist */ = {isa = PBXFileReference; fileEncoding = 4; lastKnownFileType = text.plist.xml; path = Info.plist; sourceTree = "<group>"; };
		9B64D4C51F704B6D00AE75AC /* MemberPresenter.swift */ = {isa = PBXFileReference; fileEncoding = 4; lastKnownFileType = sourcecode.swift; path = MemberPresenter.swift; sourceTree = "<group>"; };
		9B64D4C71F704B6D00AE75AC /* MemberViewController.swift */ = {isa = PBXFileReference; fileEncoding = 4; lastKnownFileType = sourcecode.swift; path = MemberViewController.swift; sourceTree = "<group>"; };
		9B64D4C91F704B6D00AE75AC /* MemberTablePresenter.swift */ = {isa = PBXFileReference; fileEncoding = 4; lastKnownFileType = sourcecode.swift; path = MemberTablePresenter.swift; sourceTree = "<group>"; };
		9B64D4CA1F704B6D00AE75AC /* MemberTableViewCell.swift */ = {isa = PBXFileReference; fileEncoding = 4; lastKnownFileType = sourcecode.swift; path = MemberTableViewCell.swift; sourceTree = "<group>"; };
		9B64D4CB1F704B6D00AE75AC /* MemberTableViewController.swift */ = {isa = PBXFileReference; fileEncoding = 4; lastKnownFileType = sourcecode.swift; path = MemberTableViewController.swift; sourceTree = "<group>"; };
		9B64D4CD1F704B6D00AE75AC /* Assets.xcassets */ = {isa = PBXFileReference; lastKnownFileType = folder.assetcatalog; path = Assets.xcassets; sourceTree = "<group>"; };
		9B64D4CF1F704B6D00AE75AC /* Router.swift */ = {isa = PBXFileReference; fileEncoding = 4; lastKnownFileType = sourcecode.swift; path = Router.swift; sourceTree = "<group>"; };
		9B64D4D11F704B6D00AE75AC /* ru */ = {isa = PBXFileReference; lastKnownFileType = text.plist.strings; name = ru; path = ru.lproj/LaunchScreen.strings; sourceTree = "<group>"; };
		9B64D4D21F704B6D00AE75AC /* ru */ = {isa = PBXFileReference; lastKnownFileType = text.plist.strings; name = ru; path = ru.lproj/Localizable.strings; sourceTree = "<group>"; };
		9B64D4D41F704B6D00AE75AC /* ru */ = {isa = PBXFileReference; lastKnownFileType = text.plist.strings; name = ru; path = ru.lproj/Main.strings; sourceTree = "<group>"; };
		9B64D4D61F704B6D00AE75AC /* AddNewItemButton.swift */ = {isa = PBXFileReference; fileEncoding = 4; lastKnownFileType = sourcecode.swift; path = AddNewItemButton.swift; sourceTree = "<group>"; };
		9B64D4D81F704B6D00AE75AC /* EventInfoBarTitle.swift */ = {isa = PBXFileReference; fileEncoding = 4; lastKnownFileType = sourcecode.swift; path = EventInfoBarTitle.swift; sourceTree = "<group>"; };
		9B64D4D91F704B6D00AE75AC /* PagerViewController.swift */ = {isa = PBXFileReference; fileEncoding = 4; lastKnownFileType = sourcecode.swift; path = PagerViewController.swift; sourceTree = "<group>"; };
		9B64D5121F704BAC00AE75AC /* DummyViewCell.swift */ = {isa = PBXFileReference; fileEncoding = 4; lastKnownFileType = sourcecode.swift; path = DummyViewCell.swift; sourceTree = "<group>"; };
		9B8A66DE1F8539B700694A9E /* UIViewController+Extension.swift */ = {isa = PBXFileReference; lastKnownFileType = sourcecode.swift; path = "UIViewController+Extension.swift"; sourceTree = "<group>"; };
		9BD2AF1A1F8AA521002AC3AA /* ContactsPickerViewController.swift */ = {isa = PBXFileReference; lastKnownFileType = sourcecode.swift; path = ContactsPickerViewController.swift; sourceTree = "<group>"; };
		9BD2AF1C1F8AADCC002AC3AA /* AccessDeniedCell.swift */ = {isa = PBXFileReference; lastKnownFileType = sourcecode.swift; path = AccessDeniedCell.swift; sourceTree = "<group>"; };
		9BD2AF1E1F8AADE3002AC3AA /* ContactViewCell.swift */ = {isa = PBXFileReference; lastKnownFileType = sourcecode.swift; path = ContactViewCell.swift; sourceTree = "<group>"; };
		9BD975D51F77C7620095A08B /* BillPhotosPresenter.swift */ = {isa = PBXFileReference; lastKnownFileType = sourcecode.swift; path = BillPhotosPresenter.swift; sourceTree = "<group>"; };
		9BD975D71F780B150095A08B /* PartyOrg_v_7.xcdatamodel */ = {isa = PBXFileReference; lastKnownFileType = wrapper.xcdatamodel; path = PartyOrg_v_7.xcdatamodel; sourceTree = "<group>"; };
		9BD975D91F781EFC0095A08B /* Utils.swift */ = {isa = PBXFileReference; lastKnownFileType = sourcecode.swift; path = Utils.swift; sourceTree = "<group>"; };
		B8F2DA1ABE4859C550BC8D97 /* Pods_PartyOrg.framework */ = {isa = PBXFileReference; explicitFileType = wrapper.framework; includeInIndex = 0; path = Pods_PartyOrg.framework; sourceTree = BUILT_PRODUCTS_DIR; };
		BE6364CBECE5E8365A7D5518 /* Pods-PartyOrganizer.debug.xcconfig */ = {isa = PBXFileReference; includeInIndex = 1; lastKnownFileType = text.xcconfig; name = "Pods-PartyOrganizer.debug.xcconfig"; path = "Pods/Target Support Files/Pods-PartyOrganizer/Pods-PartyOrganizer.debug.xcconfig"; sourceTree = "<group>"; };
		DBFFDE0342940BAC2B1F6AE0 /* Pods-EventOrganizer.release.xcconfig */ = {isa = PBXFileReference; includeInIndex = 1; lastKnownFileType = text.xcconfig; name = "Pods-EventOrganizer.release.xcconfig"; path = "Pods/Target Support Files/Pods-EventOrganizer/Pods-EventOrganizer.release.xcconfig"; sourceTree = "<group>"; };
		EA513814A6A7503B10E96D10 /* Pods-PartyOrg.debug.xcconfig */ = {isa = PBXFileReference; includeInIndex = 1; lastKnownFileType = text.xcconfig; name = "Pods-PartyOrg.debug.xcconfig"; path = "Pods/Target Support Files/Pods-PartyOrg/Pods-PartyOrg.debug.xcconfig"; sourceTree = "<group>"; };
/* End PBXFileReference section */

/* Begin PBXFrameworksBuildPhase section */
		9B1DC6451EBA5F34002E489D /* Frameworks */ = {
			isa = PBXFrameworksBuildPhase;
			buildActionMask = 2147483647;
			files = (
				88B32AD1A7AA158073149783 /* Pods_PartyOrg.framework in Frameworks */,
			);
			runOnlyForDeploymentPostprocessing = 0;
		};
/* End PBXFrameworksBuildPhase section */

/* Begin PBXGroup section */
		1EE7054CE1ABDD0DF4AD3398 /* Pods */ = {
			isa = PBXGroup;
			children = (
				BE6364CBECE5E8365A7D5518 /* Pods-PartyOrganizer.debug.xcconfig */,
				7F57AF1036365D19B9604C06 /* Pods-PartyOrganizer.release.xcconfig */,
				0ED5AC95B33D61C1AB5B931E /* Pods-EventOrganizer.debug.xcconfig */,
				DBFFDE0342940BAC2B1F6AE0 /* Pods-EventOrganizer.release.xcconfig */,
				EA513814A6A7503B10E96D10 /* Pods-PartyOrg.debug.xcconfig */,
				9592133BD46B9D6779790991 /* Pods-PartyOrg.release.xcconfig */,
			);
			name = Pods;
			sourceTree = "<group>";
		};
		499F7F31A74048584F8A2A64 /* Frameworks */ = {
			isa = PBXGroup;
			children = (
				B8F2DA1ABE4859C550BC8D97 /* Pods_PartyOrg.framework */,
			);
			name = Frameworks;
			sourceTree = "<group>";
		};
		9B1DC63F1EBA5F34002E489D = {
			isa = PBXGroup;
			children = (
				9B64D48A1F704B6D00AE75AC /* PartyOrg */,
				9B1DC6491EBA5F34002E489D /* Products */,
				1EE7054CE1ABDD0DF4AD3398 /* Pods */,
				499F7F31A74048584F8A2A64 /* Frameworks */,
			);
			sourceTree = "<group>";
		};
		9B1DC6491EBA5F34002E489D /* Products */ = {
			isa = PBXGroup;
			children = (
				9B1DC6481EBA5F34002E489D /* PartyOrg.app */,
			);
			name = Products;
			sourceTree = "<group>";
		};
		9B48867F1F72F3F700E9DCBE /* Photos */ = {
			isa = PBXGroup;
			children = (
				9B4886801F72F43F00E9DCBE /* BillPhotosCollectionViewController.swift */,
				9BD975D51F77C7620095A08B /* BillPhotosPresenter.swift */,
				9B4886821F72F47600E9DCBE /* BillPhotoViewCell.swift */,
				9B4886841F76996000E9DCBE /* AddPhotoButtonViewCell.swift */,
			);
			path = Photos;
			sourceTree = "<group>";
		};
		9B64D48A1F704B6D00AE75AC /* PartyOrg */ = {
			isa = PBXGroup;
			children = (
				9BD2AF191F8AA3C7002AC3AA /* ContacsPicker */,
				9BD975D81F781ED70095A08B /* Utils */,
				9B64D48B1F704B6D00AE75AC /* App */,
				9B64D48F1F704B6D00AE75AC /* LaunchScreen.storyboard */,
				9B64D4911F704B6D00AE75AC /* Localizable.strings */,
				9B64D4931F704B6D00AE75AC /* Main.storyboard */,
				9B64D4951F704B6D00AE75AC /* Bill */,
				9B64D49E1F704B6D00AE75AC /* BillList */,
				9B64D4A21F704B6D00AE75AC /* DataModel */,
				9B64D4B01F704B6D00AE75AC /* Event */,
				9B64D4B31F704B6D00AE75AC /* EventList */,
				9B64D4B71F704B6D00AE75AC /* Extenstions */,
				9B64D4C31F704B6D00AE75AC /* Info.plist */,
				9B64D4C41F704B6D00AE75AC /* Member */,
				9B64D4C81F704B6D00AE75AC /* MemberList */,
				9B64D4CC1F704B6D00AE75AC /* Resources */,
				9B64D4CE1F704B6D00AE75AC /* Router */,
				9B64D4D01F704B6D00AE75AC /* LaunchScreen.strings */,
				9B64D4D31F704B6D00AE75AC /* Main.strings */,
				9B64D4D51F704B6D00AE75AC /* View */,
			);
			path = PartyOrg;
			sourceTree = "<group>";
		};
		9B64D48B1F704B6D00AE75AC /* App */ = {
			isa = PBXGroup;
			children = (
				9B64D48C1F704B6D00AE75AC /* AppPart.swift */,
				9B64D48D1F704B6D00AE75AC /* AppDelegate.swift */,
				9B64D48E1F704B6D00AE75AC /* AppFramework.swift */,
			);
			path = App;
			sourceTree = "<group>";
		};
		9B64D4951F704B6D00AE75AC /* Bill */ = {
			isa = PBXGroup;
			children = (
				9B48867F1F72F3F700E9DCBE /* Photos */,
				9B64D5121F704BAC00AE75AC /* DummyViewCell.swift */,
				9B64D4971F704B6D00AE75AC /* BillPresenter.swift */,
				9B64D4981F704B6D00AE75AC /* BillViewController.swift */,
				9B64D4991F704B6D00AE75AC /* MemberInBillCell.swift */,
				9B64D49A1F704B6D00AE75AC /* MemberSelect */,
			);
			path = Bill;
			sourceTree = "<group>";
		};
		9B64D49A1F704B6D00AE75AC /* MemberSelect */ = {
			isa = PBXGroup;
			children = (
				9B64D49B1F704B6D00AE75AC /* MemberCheckableViewCell.swift */,
				9B64D49C1F704B6D00AE75AC /* MemberSelectPresenter.swift */,
				9B64D49D1F704B6D00AE75AC /* MemberSelectTableViewController.swift */,
			);
			path = MemberSelect;
			sourceTree = "<group>";
		};
		9B64D49E1F704B6D00AE75AC /* BillList */ = {
			isa = PBXGroup;
			children = (
				9B64D49F1F704B6D00AE75AC /* BillTableViewCell.swift */,
				9B64D4A01F704B6D00AE75AC /* BillTableViewController.swift */,
				9B64D4A11F704B6D00AE75AC /* BillTableViewPrenester.swift */,
			);
			path = BillList;
			sourceTree = "<group>";
		};
		9B64D4A21F704B6D00AE75AC /* DataModel */ = {
			isa = PBXGroup;
			children = (
				9B64D4A31F704B6D00AE75AC /* CoreDataClasses */,
				9B64D4AA1F704B6D00AE75AC /* CoreDataManager.swift */,
				9B64D4AB1F704B6D00AE75AC /* DataCacheStorage.swift */,
				9B64D4AC1F704B6D00AE75AC /* DataConverter.swift */,
				9B64D4AD1F704B6D00AE75AC /* PartyOrganizer.xcdatamodeld */,
			);
			path = DataModel;
			sourceTree = "<group>";
		};
		9B64D4A31F704B6D00AE75AC /* CoreDataClasses */ = {
			isa = PBXGroup;
			children = (
				9B64D4A41F704B6D00AE75AC /* Bill+CoreDataProperties.swift */,
				9B64D4A51F704B6D00AE75AC /* BillImage+CoreDataProperties.swift */,
				9B64D4A61F704B6D00AE75AC /* EntityBase.swift */,
				9B64D4A71F704B6D00AE75AC /* Event+CoreDataProperties.swift */,
				9B64D4A81F704B6D00AE75AC /* Member+CoreDataProperties.swift */,
				9B64D4A91F704B6D00AE75AC /* MemberInBill+CoreDataProperties.swift */,
			);
			path = CoreDataClasses;
			sourceTree = "<group>";
		};
		9B64D4B01F704B6D00AE75AC /* Event */ = {
			isa = PBXGroup;
			children = (
				9B64D4B11F704B6D00AE75AC /* EventPresenter.swift */,
				9B64D4B21F704B6D00AE75AC /* EventViewController.swift */,
			);
			path = Event;
			sourceTree = "<group>";
		};
		9B64D4B31F704B6D00AE75AC /* EventList */ = {
			isa = PBXGroup;
			children = (
				9B64D4B41F704B6D00AE75AC /* EventTablePresenter.swift */,
				9B64D4B51F704B6D00AE75AC /* EventTableViewCell.swift */,
				9B64D4B61F704B6D00AE75AC /* EventTableViewController.swift */,
			);
			path = EventList;
			sourceTree = "<group>";
		};
		9B64D4B71F704B6D00AE75AC /* Extenstions */ = {
			isa = PBXGroup;
			children = (
				9B64D4B81F704B6D00AE75AC /* Double+Extension.swift */,
				9B64D4B91F704B6D00AE75AC /* ManagedContext+Extension.swift */,
				9B64D4BB1F704B6D00AE75AC /* String+Extension.swift */,
				9B64D4BC1F704B6D00AE75AC /* StyledView.swift */,
				9B64D4BD1F704B6D00AE75AC /* UIColor+Extension.swift */,
				9B64D4BE1F704B6D00AE75AC /* UIImageExtenstion.swift */,
				9B8A66DE1F8539B700694A9E /* UIViewController+Extension.swift */,
			);
			path = Extenstions;
			sourceTree = "<group>";
		};
		9B64D4C41F704B6D00AE75AC /* Member */ = {
			isa = PBXGroup;
			children = (
				9B64D4C51F704B6D00AE75AC /* MemberPresenter.swift */,
				9B64D4C71F704B6D00AE75AC /* MemberViewController.swift */,
			);
			path = Member;
			sourceTree = "<group>";
		};
		9B64D4C81F704B6D00AE75AC /* MemberList */ = {
			isa = PBXGroup;
			children = (
				9B64D4C91F704B6D00AE75AC /* MemberTablePresenter.swift */,
				9B64D4CA1F704B6D00AE75AC /* MemberTableViewCell.swift */,
				9B64D4CB1F704B6D00AE75AC /* MemberTableViewController.swift */,
			);
			path = MemberList;
			sourceTree = "<group>";
		};
		9B64D4CC1F704B6D00AE75AC /* Resources */ = {
			isa = PBXGroup;
			children = (
				9B64D4CD1F704B6D00AE75AC /* Assets.xcassets */,
			);
			path = Resources;
			sourceTree = "<group>";
		};
		9B64D4CE1F704B6D00AE75AC /* Router */ = {
			isa = PBXGroup;
			children = (
				9B64D4CF1F704B6D00AE75AC /* Router.swift */,
			);
			path = Router;
			sourceTree = "<group>";
		};
		9B64D4D51F704B6D00AE75AC /* View */ = {
			isa = PBXGroup;
			children = (
				9B64D4D61F704B6D00AE75AC /* AddNewItemButton.swift */,
				9B64D4D71F704B6D00AE75AC /* EventTabBar */,
			);
			path = View;
			sourceTree = "<group>";
		};
		9B64D4D71F704B6D00AE75AC /* EventTabBar */ = {
			isa = PBXGroup;
			children = (
				9B64D4D81F704B6D00AE75AC /* EventInfoBarTitle.swift */,
				9B64D4D91F704B6D00AE75AC /* PagerViewController.swift */,
			);
			path = EventTabBar;
			sourceTree = "<group>";
		};
		9BD2AF191F8AA3C7002AC3AA /* ContacsPicker */ = {
			isa = PBXGroup;
			children = (
				9BD2AF1A1F8AA521002AC3AA /* ContactsPickerViewController.swift */,
				9BD2AF1C1F8AADCC002AC3AA /* AccessDeniedCell.swift */,
				9BD2AF1E1F8AADE3002AC3AA /* ContactViewCell.swift */,
			);
			path = ContacsPicker;
			sourceTree = "<group>";
		};
		9BD975D81F781ED70095A08B /* Utils */ = {
			isa = PBXGroup;
			children = (
				9B64D4BA1F704B6D00AE75AC /* RBResizer.swift */,
				9BD975D91F781EFC0095A08B /* Utils.swift */,
			);
			path = Utils;
			sourceTree = "<group>";
		};
/* End PBXGroup section */

/* Begin PBXNativeTarget section */
		9B1DC6471EBA5F34002E489D /* PartyOrg */ = {
			isa = PBXNativeTarget;
			buildConfigurationList = 9B1DC65D1EBA5F34002E489D /* Build configuration list for PBXNativeTarget "PartyOrg" */;
			buildPhases = (
				FA7703AB76E6964F1D0B37F8 /* [CP] Check Pods Manifest.lock */,
				9B1DC6441EBA5F34002E489D /* Sources */,
				9B1DC6451EBA5F34002E489D /* Frameworks */,
				9B1DC6461EBA5F34002E489D /* Resources */,
				CF5B79513B4FF483196F3F41 /* [CP] Embed Pods Frameworks */,
				AC5EC61F83C40017875DFA70 /* [CP] Copy Pods Resources */,
			);
			buildRules = (
			);
			dependencies = (
			);
			name = PartyOrg;
			productName = CoreDataSample;
			productReference = 9B1DC6481EBA5F34002E489D /* PartyOrg.app */;
			productType = "com.apple.product-type.application";
		};
/* End PBXNativeTarget section */

/* Begin PBXProject section */
		9B1DC6401EBA5F34002E489D /* Project object */ = {
			isa = PBXProject;
			attributes = {
				LastSwiftUpdateCheck = 0830;
				LastUpgradeCheck = 0830;
				ORGANIZATIONNAME = "Максим Казаков";
				TargetAttributes = {
					9B1DC6471EBA5F34002E489D = {
						CreatedOnToolsVersion = 8.3.2;
						DevelopmentTeam = U8743T8Z48;
						ProvisioningStyle = Automatic;
					};
				};
			};
			buildConfigurationList = 9B1DC6431EBA5F34002E489D /* Build configuration list for PBXProject "PartyOrg" */;
			compatibilityVersion = "Xcode 3.2";
			developmentRegion = English;
			hasScannedForEncodings = 0;
			knownRegions = (
				Base,
				ru,
			);
			mainGroup = 9B1DC63F1EBA5F34002E489D;
			productRefGroup = 9B1DC6491EBA5F34002E489D /* Products */;
			projectDirPath = "";
			projectRoot = "";
			targets = (
				9B1DC6471EBA5F34002E489D /* PartyOrg */,
			);
		};
/* End PBXProject section */

/* Begin PBXResourcesBuildPhase section */
		9B1DC6461EBA5F34002E489D /* Resources */ = {
			isa = PBXResourcesBuildPhase;
			buildActionMask = 2147483647;
			files = (
				9B64D4DF1F704B6D00AE75AC /* Main.storyboard in Resources */,
				9B64D50D1F704B6D00AE75AC /* LaunchScreen.strings in Resources */,
				9B64D4DE1F704B6D00AE75AC /* Localizable.strings in Resources */,
				9B64D4DD1F704B6D00AE75AC /* LaunchScreen.storyboard in Resources */,
				9B64D50E1F704B6D00AE75AC /* Main.strings in Resources */,
				9B64D50B1F704B6D00AE75AC /* Assets.xcassets in Resources */,
			);
			runOnlyForDeploymentPostprocessing = 0;
		};
/* End PBXResourcesBuildPhase section */

/* Begin PBXShellScriptBuildPhase section */
		AC5EC61F83C40017875DFA70 /* [CP] Copy Pods Resources */ = {
			isa = PBXShellScriptBuildPhase;
			buildActionMask = 2147483647;
			files = (
			);
			inputPaths = (
			);
			name = "[CP] Copy Pods Resources";
			outputPaths = (
			);
			runOnlyForDeploymentPostprocessing = 0;
			shellPath = /bin/sh;
			shellScript = "\"${SRCROOT}/Pods/Target Support Files/Pods-PartyOrg/Pods-PartyOrg-resources.sh\"\n";
			showEnvVarsInLog = 0;
		};
		CF5B79513B4FF483196F3F41 /* [CP] Embed Pods Frameworks */ = {
			isa = PBXShellScriptBuildPhase;
			buildActionMask = 2147483647;
			files = (
			);
			inputPaths = (
				"${SRCROOT}/Pods/Target Support Files/Pods-PartyOrg/Pods-PartyOrg-frameworks.sh",
				"${BUILT_PRODUCTS_DIR}/DITranquillity/DITranquillity.framework",
				"${BUILT_PRODUCTS_DIR}/ImageSource/ImageSource.framework",
				"${BUILT_PRODUCTS_DIR}/JNWSpringAnimation/JNWSpringAnimation.framework",
				"${BUILT_PRODUCTS_DIR}/MMNumberKeyboard/MMNumberKeyboard.framework",
				"${BUILT_PRODUCTS_DIR}/Paparazzo/Paparazzo.framework",
				"${BUILT_PRODUCTS_DIR}/XLPagerTabStrip/XLPagerTabStrip.framework",
			);
			name = "[CP] Embed Pods Frameworks";
			outputPaths = (
				"${TARGET_BUILD_DIR}/${FRAMEWORKS_FOLDER_PATH}/DITranquillity.framework",
				"${TARGET_BUILD_DIR}/${FRAMEWORKS_FOLDER_PATH}/ImageSource.framework",
				"${TARGET_BUILD_DIR}/${FRAMEWORKS_FOLDER_PATH}/JNWSpringAnimation.framework",
				"${TARGET_BUILD_DIR}/${FRAMEWORKS_FOLDER_PATH}/MMNumberKeyboard.framework",
				"${TARGET_BUILD_DIR}/${FRAMEWORKS_FOLDER_PATH}/Paparazzo.framework",
				"${TARGET_BUILD_DIR}/${FRAMEWORKS_FOLDER_PATH}/XLPagerTabStrip.framework",
			);
			runOnlyForDeploymentPostprocessing = 0;
			shellPath = /bin/sh;
			shellScript = "\"${SRCROOT}/Pods/Target Support Files/Pods-PartyOrg/Pods-PartyOrg-frameworks.sh\"\n";
			showEnvVarsInLog = 0;
		};
		FA7703AB76E6964F1D0B37F8 /* [CP] Check Pods Manifest.lock */ = {
			isa = PBXShellScriptBuildPhase;
			buildActionMask = 2147483647;
			files = (
			);
			inputPaths = (
				"${PODS_PODFILE_DIR_PATH}/Podfile.lock",
				"${PODS_ROOT}/Manifest.lock",
			);
			name = "[CP] Check Pods Manifest.lock";
			outputPaths = (
				"$(DERIVED_FILE_DIR)/Pods-PartyOrg-checkManifestLockResult.txt",
			);
			runOnlyForDeploymentPostprocessing = 0;
			shellPath = /bin/sh;
			shellScript = "diff \"${PODS_PODFILE_DIR_PATH}/Podfile.lock\" \"${PODS_ROOT}/Manifest.lock\" > /dev/null\nif [ $? != 0 ] ; then\n    # print error to STDERR\n    echo \"error: The sandbox is not in sync with the Podfile.lock. Run 'pod install' or update your CocoaPods installation.\" >&2\n    exit 1\nfi\n# This output is used by Xcode 'outputs' to avoid re-running this script phase.\necho \"SUCCESS\" > \"${SCRIPT_OUTPUT_FILE_0}\"\n";
			showEnvVarsInLog = 0;
		};
/* End PBXShellScriptBuildPhase section */

/* Begin PBXSourcesBuildPhase section */
		9B1DC6441EBA5F34002E489D /* Sources */ = {
			isa = PBXSourcesBuildPhase;
			buildActionMask = 2147483647;
			files = (
				9BD2AF1F1F8AADE3002AC3AA /* ContactViewCell.swift in Sources */,
				9B64D5111F704B6D00AE75AC /* PagerViewController.swift in Sources */,
				9B64D50C1F704B6D00AE75AC /* Router.swift in Sources */,
				9B64D4F21F704B6D00AE75AC /* DataConverter.swift in Sources */,
				9B64D4EE1F704B6D00AE75AC /* Member+CoreDataProperties.swift in Sources */,
				9B64D4F71F704B6D00AE75AC /* EventTablePresenter.swift in Sources */,
				9BD2AF1B1F8AA521002AC3AA /* ContactsPickerViewController.swift in Sources */,
				9B64D4EF1F704B6D00AE75AC /* MemberInBill+CoreDataProperties.swift in Sources */,
				9B64D4FC1F704B6D00AE75AC /* RBResizer.swift in Sources */,
				9B64D4DB1F704B6D00AE75AC /* AppDelegate.swift in Sources */,
				9B64D5101F704B6D00AE75AC /* EventInfoBarTitle.swift in Sources */,
				9B64D50A1F704B6D00AE75AC /* MemberTableViewController.swift in Sources */,
				9BD2AF1D1F8AADCC002AC3AA /* AccessDeniedCell.swift in Sources */,
				9B64D4F31F704B6D00AE75AC /* PartyOrganizer.xcdatamodeld in Sources */,
				9B64D4E21F704B6D00AE75AC /* BillViewController.swift in Sources */,
				9B64D4DA1F704B6D00AE75AC /* AppPart.swift in Sources */,
				9B64D4FB1F704B6D00AE75AC /* ManagedContext+Extension.swift in Sources */,
				9B64D5091F704B6D00AE75AC /* MemberTableViewCell.swift in Sources */,
				9B64D4FA1F704B6D00AE75AC /* Double+Extension.swift in Sources */,
				9B4886831F72F47600E9DCBE /* BillPhotoViewCell.swift in Sources */,
				9B64D4DC1F704B6D00AE75AC /* AppFramework.swift in Sources */,
				9B64D4E41F704B6D00AE75AC /* MemberCheckableViewCell.swift in Sources */,
				9B64D4E71F704B6D00AE75AC /* BillTableViewCell.swift in Sources */,
				9B4886851F76996000E9DCBE /* AddPhotoButtonViewCell.swift in Sources */,
				9B64D4F51F704B6D00AE75AC /* EventPresenter.swift in Sources */,
				9B64D4EB1F704B6D00AE75AC /* BillImage+CoreDataProperties.swift in Sources */,
				9B64D5071F704B6D00AE75AC /* MemberViewController.swift in Sources */,
				9BD975DA1F781EFC0095A08B /* Utils.swift in Sources */,
				9B64D4EC1F704B6D00AE75AC /* EntityBase.swift in Sources */,
				9B64D5081F704B6D00AE75AC /* MemberTablePresenter.swift in Sources */,
				9B64D4FF1F704B6D00AE75AC /* UIColor+Extension.swift in Sources */,
				9B64D4F01F704B6D00AE75AC /* CoreDataManager.swift in Sources */,
				9B64D4E11F704B6D00AE75AC /* BillPresenter.swift in Sources */,
				9B64D4E51F704B6D00AE75AC /* MemberSelectPresenter.swift in Sources */,
				9B64D5051F704B6D00AE75AC /* MemberPresenter.swift in Sources */,
				9B64D4E91F704B6D00AE75AC /* BillTableViewPrenester.swift in Sources */,
				9B64D4FD1F704B6D00AE75AC /* String+Extension.swift in Sources */,
				9B64D4E81F704B6D00AE75AC /* BillTableViewController.swift in Sources */,
				9B4886811F72F43F00E9DCBE /* BillPhotosCollectionViewController.swift in Sources */,
				9B64D4F11F704B6D00AE75AC /* DataCacheStorage.swift in Sources */,
				9B64D5131F704BAC00AE75AC /* DummyViewCell.swift in Sources */,
				9B8A66DF1F8539B700694A9E /* UIViewController+Extension.swift in Sources */,
				9B64D4F81F704B6D00AE75AC /* EventTableViewCell.swift in Sources */,
				9B64D4FE1F704B6D00AE75AC /* StyledView.swift in Sources */,
				9B64D5001F704B6D00AE75AC /* UIImageExtenstion.swift in Sources */,
				9B64D4F61F704B6D00AE75AC /* EventViewController.swift in Sources */,
				9B64D4EA1F704B6D00AE75AC /* Bill+CoreDataProperties.swift in Sources */,
				9B64D4ED1F704B6D00AE75AC /* Event+CoreDataProperties.swift in Sources */,
				9B64D4E31F704B6D00AE75AC /* MemberInBillCell.swift in Sources */,
				9BD975D61F77C7620095A08B /* BillPhotosPresenter.swift in Sources */,
				9B64D4F91F704B6D00AE75AC /* EventTableViewController.swift in Sources */,
				9B64D50F1F704B6D00AE75AC /* AddNewItemButton.swift in Sources */,
				9B64D4E61F704B6D00AE75AC /* MemberSelectTableViewController.swift in Sources */,
			);
			runOnlyForDeploymentPostprocessing = 0;
		};
/* End PBXSourcesBuildPhase section */

/* Begin PBXVariantGroup section */
		9B64D48F1F704B6D00AE75AC /* LaunchScreen.storyboard */ = {
			isa = PBXVariantGroup;
			children = (
				9B64D4901F704B6D00AE75AC /* Base */,
			);
			name = LaunchScreen.storyboard;
			sourceTree = "<group>";
		};
		9B64D4911F704B6D00AE75AC /* Localizable.strings */ = {
			isa = PBXVariantGroup;
			children = (
				9B64D4921F704B6D00AE75AC /* Base */,
				9B64D4D21F704B6D00AE75AC /* ru */,
			);
			name = Localizable.strings;
			sourceTree = "<group>";
		};
		9B64D4931F704B6D00AE75AC /* Main.storyboard */ = {
			isa = PBXVariantGroup;
			children = (
				9B64D4941F704B6D00AE75AC /* Base */,
			);
			name = Main.storyboard;
			sourceTree = "<group>";
		};
		9B64D4D01F704B6D00AE75AC /* LaunchScreen.strings */ = {
			isa = PBXVariantGroup;
			children = (
				9B64D4D11F704B6D00AE75AC /* ru */,
			);
			name = LaunchScreen.strings;
			sourceTree = "<group>";
		};
		9B64D4D31F704B6D00AE75AC /* Main.strings */ = {
			isa = PBXVariantGroup;
			children = (
				9B64D4D41F704B6D00AE75AC /* ru */,
			);
			name = Main.strings;
			sourceTree = "<group>";
		};
/* End PBXVariantGroup section */

/* Begin XCBuildConfiguration section */
		9B1DC65B1EBA5F34002E489D /* Debug */ = {
			isa = XCBuildConfiguration;
			buildSettings = {
				ALWAYS_SEARCH_USER_PATHS = NO;
				CLANG_ANALYZER_NONNULL = YES;
				CLANG_ANALYZER_NUMBER_OBJECT_CONVERSION = YES_AGGRESSIVE;
				CLANG_CXX_LANGUAGE_STANDARD = "gnu++0x";
				CLANG_CXX_LIBRARY = "libc++";
				CLANG_ENABLE_MODULES = YES;
				CLANG_ENABLE_OBJC_ARC = YES;
				CLANG_WARN_BOOL_CONVERSION = YES;
				CLANG_WARN_CONSTANT_CONVERSION = YES;
				CLANG_WARN_DIRECT_OBJC_ISA_USAGE = YES_ERROR;
				CLANG_WARN_DOCUMENTATION_COMMENTS = YES;
				CLANG_WARN_EMPTY_BODY = YES;
				CLANG_WARN_ENUM_CONVERSION = YES;
				CLANG_WARN_INFINITE_RECURSION = YES;
				CLANG_WARN_INT_CONVERSION = YES;
				CLANG_WARN_OBJC_ROOT_CLASS = YES_ERROR;
				CLANG_WARN_SUSPICIOUS_MOVE = YES;
				CLANG_WARN_UNREACHABLE_CODE = YES;
				CLANG_WARN__DUPLICATE_METHOD_MATCH = YES;
				CODE_SIGN_IDENTITY = "iPhone Developer";
				"CODE_SIGN_IDENTITY[sdk=iphoneos*]" = "iPhone Developer";
				COPY_PHASE_STRIP = NO;
				DEBUG_INFORMATION_FORMAT = dwarf;
				ENABLE_STRICT_OBJC_MSGSEND = YES;
				ENABLE_TESTABILITY = YES;
				GCC_C_LANGUAGE_STANDARD = gnu99;
				GCC_DYNAMIC_NO_PIC = NO;
				GCC_NO_COMMON_BLOCKS = YES;
				GCC_OPTIMIZATION_LEVEL = 0;
				GCC_PREPROCESSOR_DEFINITIONS = (
					"DEBUG=1",
					"$(inherited)",
				);
				GCC_WARN_64_TO_32_BIT_CONVERSION = YES;
				GCC_WARN_ABOUT_RETURN_TYPE = YES_ERROR;
				GCC_WARN_UNDECLARED_SELECTOR = YES;
				GCC_WARN_UNINITIALIZED_AUTOS = YES_AGGRESSIVE;
				GCC_WARN_UNUSED_FUNCTION = YES;
				GCC_WARN_UNUSED_VARIABLE = YES;
				IPHONEOS_DEPLOYMENT_TARGET = 10.0;
				MTL_ENABLE_DEBUG_INFO = YES;
				ONLY_ACTIVE_ARCH = YES;
				SDKROOT = iphoneos;
				SWIFT_ACTIVE_COMPILATION_CONDITIONS = DEBUG;
				SWIFT_OPTIMIZATION_LEVEL = "-Onone";
				TARGETED_DEVICE_FAMILY = "1,2";
			};
			name = Debug;
		};
		9B1DC65C1EBA5F34002E489D /* Release */ = {
			isa = XCBuildConfiguration;
			buildSettings = {
				ALWAYS_SEARCH_USER_PATHS = NO;
				CLANG_ANALYZER_NONNULL = YES;
				CLANG_ANALYZER_NUMBER_OBJECT_CONVERSION = YES_AGGRESSIVE;
				CLANG_CXX_LANGUAGE_STANDARD = "gnu++0x";
				CLANG_CXX_LIBRARY = "libc++";
				CLANG_ENABLE_MODULES = YES;
				CLANG_ENABLE_OBJC_ARC = YES;
				CLANG_WARN_BOOL_CONVERSION = YES;
				CLANG_WARN_CONSTANT_CONVERSION = YES;
				CLANG_WARN_DIRECT_OBJC_ISA_USAGE = YES_ERROR;
				CLANG_WARN_DOCUMENTATION_COMMENTS = YES;
				CLANG_WARN_EMPTY_BODY = YES;
				CLANG_WARN_ENUM_CONVERSION = YES;
				CLANG_WARN_INFINITE_RECURSION = YES;
				CLANG_WARN_INT_CONVERSION = YES;
				CLANG_WARN_OBJC_ROOT_CLASS = YES_ERROR;
				CLANG_WARN_SUSPICIOUS_MOVE = YES;
				CLANG_WARN_UNREACHABLE_CODE = YES;
				CLANG_WARN__DUPLICATE_METHOD_MATCH = YES;
				CODE_SIGN_IDENTITY = "iPhone Developer";
				"CODE_SIGN_IDENTITY[sdk=iphoneos*]" = "iPhone Developer";
				COPY_PHASE_STRIP = NO;
				DEBUG_INFORMATION_FORMAT = "dwarf-with-dsym";
				ENABLE_NS_ASSERTIONS = NO;
				ENABLE_STRICT_OBJC_MSGSEND = YES;
				GCC_C_LANGUAGE_STANDARD = gnu99;
				GCC_NO_COMMON_BLOCKS = YES;
				GCC_WARN_64_TO_32_BIT_CONVERSION = YES;
				GCC_WARN_ABOUT_RETURN_TYPE = YES_ERROR;
				GCC_WARN_UNDECLARED_SELECTOR = YES;
				GCC_WARN_UNINITIALIZED_AUTOS = YES_AGGRESSIVE;
				GCC_WARN_UNUSED_FUNCTION = YES;
				GCC_WARN_UNUSED_VARIABLE = YES;
				IPHONEOS_DEPLOYMENT_TARGET = 10.0;
				MTL_ENABLE_DEBUG_INFO = NO;
				SDKROOT = iphoneos;
				SWIFT_OPTIMIZATION_LEVEL = "-Owholemodule";
				TARGETED_DEVICE_FAMILY = "1,2";
				VALIDATE_PRODUCT = YES;
			};
			name = Release;
		};
		9B1DC65E1EBA5F34002E489D /* Debug */ = {
			isa = XCBuildConfiguration;
			baseConfigurationReference = EA513814A6A7503B10E96D10 /* Pods-PartyOrg.debug.xcconfig */;
			buildSettings = {
				ASSETCATALOG_COMPILER_APPICON_NAME = AppIcon;
				CODE_SIGN_IDENTITY = "iPhone Developer";
				"CODE_SIGN_IDENTITY[sdk=iphoneos*]" = "iPhone Developer";
				DEVELOPMENT_TEAM = U8743T8Z48;
				INFOPLIST_FILE = "$(SRCROOT)/PartyOrg/Info.plist";
				IPHONEOS_DEPLOYMENT_TARGET = 10.0;
				LD_RUNPATH_SEARCH_PATHS = "$(inherited) @executable_path/Frameworks";
				PRODUCT_BUNDLE_IDENTIFIER = com.EventOrganizer;
				PRODUCT_NAME = "$(TARGET_NAME)";
				PROVISIONING_PROFILE_SPECIFIER = "";
				SWIFT_VERSION = 3.0;
			};
			name = Debug;
		};
		9B1DC65F1EBA5F34002E489D /* Release */ = {
			isa = XCBuildConfiguration;
			baseConfigurationReference = 9592133BD46B9D6779790991 /* Pods-PartyOrg.release.xcconfig */;
			buildSettings = {
				ASSETCATALOG_COMPILER_APPICON_NAME = AppIcon;
				CODE_SIGN_IDENTITY = "iPhone Developer";
				"CODE_SIGN_IDENTITY[sdk=iphoneos*]" = "iPhone Developer";
				DEVELOPMENT_TEAM = U8743T8Z48;
				INFOPLIST_FILE = "$(SRCROOT)/PartyOrg/Info.plist";
				IPHONEOS_DEPLOYMENT_TARGET = 10.0;
				LD_RUNPATH_SEARCH_PATHS = "$(inherited) @executable_path/Frameworks";
				PRODUCT_BUNDLE_IDENTIFIER = com.EventOrganizer;
				PRODUCT_NAME = "$(TARGET_NAME)";
				PROVISIONING_PROFILE_SPECIFIER = "";
				SWIFT_VERSION = 3.0;
			};
			name = Release;
		};
/* End XCBuildConfiguration section */

/* Begin XCConfigurationList section */
		9B1DC6431EBA5F34002E489D /* Build configuration list for PBXProject "PartyOrg" */ = {
			isa = XCConfigurationList;
			buildConfigurations = (
				9B1DC65B1EBA5F34002E489D /* Debug */,
				9B1DC65C1EBA5F34002E489D /* Release */,
			);
			defaultConfigurationIsVisible = 0;
			defaultConfigurationName = Release;
		};
		9B1DC65D1EBA5F34002E489D /* Build configuration list for PBXNativeTarget "PartyOrg" */ = {
			isa = XCConfigurationList;
			buildConfigurations = (
				9B1DC65E1EBA5F34002E489D /* Debug */,
				9B1DC65F1EBA5F34002E489D /* Release */,
			);
			defaultConfigurationIsVisible = 0;
			defaultConfigurationName = Release;
		};
/* End XCConfigurationList section */

/* Begin XCVersionGroup section */
		9B64D4AD1F704B6D00AE75AC /* PartyOrganizer.xcdatamodeld */ = {
			isa = XCVersionGroup;
			children = (
				9B314B251F82BB3E00CC172A /* PartyOrg_v_8.xcdatamodel */,
				9BD975D71F780B150095A08B /* PartyOrg_v_7.xcdatamodel */,
				9B64D4AE1F704B6D00AE75AC /* PartyOrg_v_6.xcdatamodel */,
			);
			currentVersion = 9B314B251F82BB3E00CC172A /* PartyOrg_v_8.xcdatamodel */;
			path = PartyOrganizer.xcdatamodeld;
			sourceTree = "<group>";
			versionGroupType = wrapper.xcdatamodel;
		};
/* End XCVersionGroup section */
	};
	rootObject = 9B1DC6401EBA5F34002E489D /* Project object */;
}
